# rowstile 0.1.0-dev: what the migrations so far have made, for the next one to start from.
# Generated by rowstile migrate; commit it with the migrations, and don't edit it.
> app role ms_app
> type user = ms.users (id uuid)
> type user: self : user = id
> type user: has_blocked : user = ms.blocks(blocker_id -> blocked_id)
> type user: can edit = self
> type bot = ms.bots principal where {active}
> type bot: owner : user = owner_id
> type bot: can manage = owner
> type bot: can manage_keys = owner
> type chat = ms.chats
> type chat: member : user = ms.members(chat_id -> user_id)
> type chat: admin : user = ms.members(chat_id -> user_id) where {role in ('admin', 'owner')}
> type chat: owner : user = ms.members(chat_id -> user_id) where {role = 'owner'}
> type chat: creator : user = created_by
> type chat: bot : bot = ms.chat_bots(chat_id -> bot_id)
> type chat: blocked : user = ms.direct_blocks(chat_id -> user_id)
> type chat: invitee : link shared by invite
> type chat: can read = member or bot
> type chat: can post = (member and not blocked and ({not admins_only} or admin)) or bot
> type chat: can manage = admin and {kind = 'group'}
> type chat: can invite = manage
> type chat: can join = (invitee and {kind = 'group'}) or manage
> type chat: can setup = creator and {not exists (select 1 from ms.members m where m.chat_id = this.id)}
> type chat: can add_members = manage or setup or (creator and {kind = 'direct'} and {(select count(*) from ms.members m where m.chat_id = this.id) < 2})
> type membership = ms.members (chat_id, user_id uuid)
> type membership: chat : chat = chat_id
> type membership: person : user = user_id
> type message = ms.messages (chat_id, seq)
> type message: chat : chat = chat_id
> type message: sender : user = sender_id
> type message: from_bot : bot = bot_id
> type message: can read = chat.read and {seq > coalesce(ms.joined_seq(chat_id), 0)}
> type message: can edit = sender and {not deleted and created_at > now() - interval '15 minutes'}
> type message: can remove = sender or chat.manage
> type chat_bot = ms.chat_bots (chat_id, bot_id)
> type chat_bot: chat : chat = chat_id
> type chat_bot: bot : bot = bot_id
> type block = ms.blocks (blocker_id uuid, blocked_id uuid)
> type block: blocker : user = blocker_id
> rules ms.users
> rules ms.users: select : signed_in
> rules ms.users: update : edit
> rules ms.users: update id, phone, created_at : nobody
> rules ms.bots
> rules ms.bots: select : signed_in
> rules ms.bots: insert : owner
> rules ms.bots: update : manage
> rules ms.bots: update id, owner_id : nobody
> rules ms.bots: delete : manage
> rules ms.chats
> rules ms.chats: select : read or join or setup
> rules ms.chats: insert : creator
> rules ms.chats: update : manage
> rules ms.chats: update kind, created_by, created_at, last_seq : nobody
> rules ms.chats: delete : owner and {kind = 'group'}
> rules ms.members
> rules ms.members: insert : (chat.add_members and ({role = 'member'} or chat.setup or (chat.manage and {role <> 'owner'})) and not person.has_blocked) or (chat.join and person and {role = 'member'})
> rules ms.members: select : chat.read
> rules ms.members: update : chat.manage or person
> rules ms.members: update role : chat.manage and {role <> 'owner'}
> rules ms.members: update role after : {role <> 'owner'}
> rules ms.members: update last_read_seq : person
> rules ms.members: update chat_id, user_id, joined_at, joined_seq : nobody
> rules ms.members: delete : person or (chat.manage and {role <> 'owner'})
> rules ms.messages
> rules ms.messages: select : read
> rules ms.messages: insert : chat.post and ((sender and {bot_id is null}) or (from_bot and {sender_id is null}))
> rules ms.messages: update : edit or remove
> rules ms.messages: update body after : (edit and {not deleted}) or {deleted and body = ''}
> rules ms.messages: update deleted : remove
> rules ms.messages: update deleted after : {deleted}
> rules ms.messages: update chat_id, seq, sender_id, bot_id, created_at : nobody
> rules ms.messages: delete : nobody
> rules ms.chat_bots
> rules ms.chat_bots: select : chat.read
> rules ms.chat_bots: insert : chat.manage and bot.manage and {added_by = authz.uid()}
> rules ms.chat_bots: delete : chat.manage or bot.manage
> rules ms.blocks
> rules ms.blocks: select : blocker
> rules ms.blocks: insert : blocker
> rules ms.blocks: delete : blocker

always | c27166a61115
function authz.act_as(p_type text, p_id text) | 460fba7e3b56 shape=0b4efcae
function authz.break_glass(p_type text, p_id bigint, p_relation text, p_reason text, p_duration interval) | ade6dbb78b04 shape=70a253d5
function authz.break_glass(p_type text, p_id text, p_relation text, p_reason text, p_duration interval) | c1a455b699be shape=77f3e79f
function authz.can(p_type text, p_id bigint, p_perm text) | 3b89f3888983 shape=a0df7b00
function authz.can(p_type text, p_id text, p_perm text) | 8d20efde1335 shape=220bc89f
function authz.can(p_type text, p_id uuid, p_perm text) | 1acab4c19015 shape=54adceba
function authz.cancel_request(p_id bigint) | 43b157c68cd3 shape=19aa0bb3
function authz.changes_since(p_pos bigint, p_limit int) | b494cb9cea48 shape=0448ffba
function authz.check_invariants() | 780a2d8e3388 shape=a2072420
function authz.close_review(p_review bigint, p_revoke_undecided boolean) | e61871955a1a shape=8a35940c
function authz.connection_check() | 08635fe93e69 shape=35f6ddfc
function authz.create_api_key(p_name text, p_scopes text, p_expires_at timestamptz, p_principal_type text, p_principal_id text) | 25ceb02667e3 shape=bff4e5f3
function authz.create_link(p_type text, p_id bigint, p_relation text, p_expires_at timestamptz) | 3737b3f6cdd1 shape=f4261756
function authz.create_link(p_type text, p_id text, p_relation text, p_expires_at timestamptz) | 94706d6ae734 shape=08f941c7
function authz.create_role(p_owner_type text, p_owner_id bigint, p_object_type text, p_name text, p_permissions text[]) | 204199562663 shape=67327103
function authz.create_role(p_owner_type text, p_owner_id text, p_object_type text, p_name text, p_permissions text[]) | 48a7986a0560 shape=b74c801b
function authz.decide_request(p_id bigint, p_approve boolean, p_note text) | fffab9408221 shape=ebe1e76d
function authz.delete_role(p_role bigint) | 3b857912dc18 shape=7c823e86
function authz.explain(p_type text, p_id bigint, p_perm text, p_user text) | e9fc8335de7a shape=0a2287cd
function authz.explain(p_type text, p_id text, p_perm text, p_user text) | e9ccd30ff778 shape=7d6de14b
function authz.explain(p_type text, p_id uuid, p_perm text, p_user text) | d0e05eb87342 shape=94941757
function authz.explain_rule(p_table text, p_command text, p_id text, p_row jsonb) | d14a5c4cc871 shape=1223ad2f
function authz.lint() | 3e01e34c063f shape=54cb1505
function authz.list(p_type text, p_perm text, p_after text, p_limit int) | ff63afdb8c9e shape=e713a7cc
function authz.list_api_keys(p_principal_type text, p_principal_id text) | 9a3b10b6e81a shape=04dcffde
function authz.list_links(p_type text, p_id bigint) | 740da2e3c91e shape=594bc19e
function authz.list_links(p_type text, p_id text) | a2d91074fb5c shape=a74ce96d
function authz.list_links(p_type text, p_id uuid) | 444a8ce8fb74 shape=d1c0c3ba
function authz.list_shares(p_type text, p_id bigint) | ac72a4d55b8e shape=63c58ea1
function authz.list_shares(p_type text, p_id text) | 3eb4ea871fe0 shape=36731fe1
function authz.list_shares(p_type text, p_id uuid) | 055e7a19cadd shape=a6d6a900
function authz.login_jwt(p_token text) | 800d43cbf9a7 shape=57d5745b
function authz.login_key(p_token text) | 2db0ca9543a5 shape=f3077520
function authz.pending_requests() | e95da3d168f5 shape=872485a8
function authz.perms(p_type text, p_id bigint) | 0326a9267ef0 shape=15912e3e
function authz.perms(p_type text, p_id text) | 6df4a7a03815 shape=cd5e1942
function authz.perms(p_type text, p_id uuid) | d1321d04a077 shape=9fa2c71e
function authz.perms_of(p_type text, p_ids text[]) | 6cb4d6d6f68e shape=00a7b763
function authz.principal() | 072ccb497f3e shape=bda73c60
function authz.request_access(p_type text, p_id bigint, p_relation text, p_reason text, p_duration interval) | aa594c43b7aa shape=c44eec2e
function authz.request_access(p_type text, p_id text, p_relation text, p_reason text, p_duration interval) | 2e67afca6a6e shape=ab39b58e
function authz.review_decide(p_review bigint, p_item int, p_keep boolean) | 91f4a26d44c5 shape=76724fb2
function authz.review_items(p_review bigint) | f29f85026c05 shape=fc0e6cb7
function authz.revoke_api_key(p_id bigint) | 41b6ea6ad58c shape=590521c4
function authz.revoke_link(p_type text, p_id bigint, p_link text) | 69333105fbd4 shape=4ce00ed3
function authz.revoke_link(p_type text, p_id text, p_link text) | 7488c637bb10 shape=6418747f
function authz.revoke_link(p_type text, p_id uuid, p_link text) | 94e8249bbae8 shape=446fa386
function authz.roles_of(p_owner_type text, p_owner_id bigint) | 118e4ddbfcfa shape=77be0f38
function authz.roles_of(p_owner_type text, p_owner_id text) | 63ff9b9457bd shape=e439cd41
function authz.set_role_permissions(p_role bigint, p_permissions text[]) | 8a936f1cfbbb shape=3cffc528
function authz.share(p_type text, p_id bigint, p_relation text, p_subject_type text, p_subject_id bigint, p_subject_relation text, p_expires_at timestamptz, p_starts_at timestamptz, p_caveat text, p_caveat_args jsonb) | 432b631cd9d6 shape=38174c64
function authz.share(p_type text, p_id bigint, p_relation text, p_subject_type text, p_subject_id text, p_subject_relation text, p_expires_at timestamptz, p_starts_at timestamptz, p_caveat text, p_caveat_args jsonb) | 9aa2633d3679 shape=9eda2a73
function authz.share(p_type text, p_id text, p_relation text, p_subject_type text, p_subject_id text, p_subject_relation text, p_expires_at timestamptz, p_starts_at timestamptz, p_caveat text, p_caveat_args jsonb) | 0633214ef5e5 shape=386e2b78
function authz.start_review(p_type text, p_id bigint, p_closes_at timestamptz) | ede0d805b2b1 shape=c2dba351
function authz.start_review(p_type text, p_id text, p_closes_at timestamptz) | 102af3ff6add shape=879e84e5
function authz.sync_members(p_type text, p_id text, p_relation text, p_members text[], OUT added int, OUT removed int) | 4f9950175cbe shape=c0ea90e1
function authz.trim_audit(p_keep interval) | b857fd9cfd19 shape=59da80c2
function authz.trim_changes(p_keep interval) | 99129c6c680e shape=5f059d1e
function authz.uid() | fdfdb40f750a shape=e4787fc1
function authz.unshare(p_type text, p_id bigint, p_relation text, p_subject_type text, p_subject_id bigint, p_subject_relation text) | 9fe75a510714 shape=55f81bb0
function authz.unshare(p_type text, p_id bigint, p_relation text, p_subject_type text, p_subject_id text, p_subject_relation text) | 72397e26cf97 shape=0bec2b1b
function authz.unshare(p_type text, p_id text, p_relation text, p_subject_type text, p_subject_id text, p_subject_relation text) | 8b4075bad40f shape=d4ebe9cc
function authz.verify() | c964ca8adb45 shape=8e0f53a6
function authz.view_as(p_user text, p_reason text) | f153c2292395 shape=5d7b6326
function authz.who(p_type text, p_id bigint, p_perm text) | 2e6bf67dc8a8 shape=9a149138
function authz.who(p_type text, p_id text, p_perm text) | c4698f45f89e shape=1cf83af9
function authz.who(p_type text, p_id uuid, p_perm text) | 68091c833309 shape=721cfa7a
function authz.who_among(p_type text, p_id bigint, p_perm text, p_users text[], p_principal_type text) | c12c43bbe47f shape=9f8e2d53
function authz.who_among(p_type text, p_id text, p_perm text, p_users text[], p_principal_type text) | 01aaf32fb926 shape=17b9de43
function authz.who_among(p_type text, p_id uuid, p_perm text, p_users text[], p_principal_type text) | 30cd12790511 shape=a10912c4
function authz_gen."chat__check_ecbdd5ff4d"(p_row "ms"."chats") | f32a7bd95d01 shape=80d8a97a
function authz_gen."message__check_522cac4d84"(p_row "ms"."messages") | 033acadd32eb shape=e3bb3b70
function authz_gen."ms.blocks:delete:items"(p_row "ms"."blocks") | a2f8a6a8925d shape=523eb29a atomic
function authz_gen."ms.blocks:delete:why"(p_row "ms"."blocks") | 6e884fa83d07 shape=3ab4f823
function authz_gen."ms.blocks:insert:items"(p_row "ms"."blocks") | 5d557ca27cba shape=ee037b04 atomic
function authz_gen."ms.blocks:insert:refuse"(p_row "ms"."blocks") | 364be2275ecd shape=f05c9587
function authz_gen."ms.blocks:insert:why"(p_row "ms"."blocks") | 0360883e0126 shape=481d9c91
function authz_gen."ms.blocks:rules:explain"(p_command text, p_id text, p_row jsonb) | 2f1a06873306 shape=0917e9f4
function authz_gen."ms.bots:column_2:items"(p_row "ms"."bots") | ae4706b285a6 shape=d6b6d5b9 atomic
function authz_gen."ms.bots:column_2:why"(p_row "ms"."bots") | d9d7645abe16 shape=099fef14
function authz_gen."ms.bots:delete:items"(p_row "ms"."bots") | 2cd2271130a1 shape=8f09b2d3 atomic
function authz_gen."ms.bots:delete:why"(p_row "ms"."bots") | 214a5e106c9c shape=962d8d99
function authz_gen."ms.bots:insert:items"(p_row "ms"."bots") | d3fcecdc779e shape=f82b4b07 atomic
function authz_gen."ms.bots:insert:refuse"(p_row "ms"."bots") | d91eda6869c3 shape=4880cc25
function authz_gen."ms.bots:insert:why"(p_row "ms"."bots") | 1204c7b2ca74 shape=ef3fc4e0
function authz_gen."ms.bots:rules:explain"(p_command text, p_id text, p_row jsonb) | 17d31e6d1610 shape=0e7df9ec
function authz_gen."ms.bots:update:items"(p_row "ms"."bots") | c50c09b39a8a shape=7b46d707 atomic
function authz_gen."ms.bots:update:refuse"(p_row "ms"."bots") | 7c17da7b6ccd shape=dee5c0ff
function authz_gen."ms.bots:update:why"(p_row "ms"."bots") | ef0ef6abca78 shape=401b3840
function authz_gen."ms.chat_bots:delete:items"(p_row "ms"."chat_bots") | fca450da1e94 shape=4c27ff39 atomic
function authz_gen."ms.chat_bots:delete:why"(p_row "ms"."chat_bots") | 017313005f0f shape=31fb8e93
function authz_gen."ms.chat_bots:insert:items"(p_row "ms"."chat_bots") | 872aeb59bb69 shape=ce81da29 atomic
function authz_gen."ms.chat_bots:insert:refuse"(p_row "ms"."chat_bots") | cf7b53f16721 shape=d1acdf56
function authz_gen."ms.chat_bots:insert:why"(p_row "ms"."chat_bots") | 45c40313f51d shape=370f2f54
function authz_gen."ms.chat_bots:rules:explain"(p_command text, p_id text, p_row jsonb) | 2f35123ccf7a shape=b26255d4
function authz_gen."ms.chats:column_3:items"(p_row "ms"."chats") | 88d7dbade828 shape=309b17a4 atomic
function authz_gen."ms.chats:column_3:why"(p_row "ms"."chats") | 2232db8e0947 shape=5a1cdb90
function authz_gen."ms.chats:delete:items"(p_row "ms"."chats") | 246c44b064a8 shape=fcef9830 atomic
function authz_gen."ms.chats:delete:why"(p_row "ms"."chats") | fcf967717d28 shape=b4ef49d8
function authz_gen."ms.chats:insert:items"(p_row "ms"."chats") | f17a7a291f1d shape=c44799d8 atomic
function authz_gen."ms.chats:insert:refuse"(p_row "ms"."chats") | a60610aba8e0 shape=62037fcf
function authz_gen."ms.chats:insert:why"(p_row "ms"."chats") | 5dceeeb17f65 shape=825dcd2a
function authz_gen."ms.chats:rules:explain"(p_command text, p_id text, p_row jsonb) | dcb57bc721ec shape=599c1afd
function authz_gen."ms.chats:update:items"(p_row "ms"."chats") | fe8a6aa1b14c shape=db39afd4 atomic
function authz_gen."ms.chats:update:refuse"(p_row "ms"."chats") | 02fb99da6ed9 shape=33a43590
function authz_gen."ms.chats:update:why"(p_row "ms"."chats") | 45249cac221a shape=a5a0ef4c
function authz_gen."ms.members:column_4:items"(p_row "ms"."members") | e4089bb60cee shape=288af88c atomic
function authz_gen."ms.members:column_4:why"(p_row "ms"."members") | d2be5b9ebb48 shape=e18cc1bb
function authz_gen."ms.members:column_5:items"(p_row "ms"."members") | 31e3e7cffcc0 shape=f9ef6033 atomic
function authz_gen."ms.members:column_5:why"(p_row "ms"."members") | 7a25377ac6f5 shape=494cbfc5
function authz_gen."ms.members:column_6:items"(p_row "ms"."members") | c034db3d38c7 shape=02e050be atomic
function authz_gen."ms.members:column_6:why"(p_row "ms"."members") | 0aff9a457471 shape=7e41286e
function authz_gen."ms.members:column_7:items"(p_row "ms"."members") | 34e02eb04dd6 shape=089ab7cc atomic
function authz_gen."ms.members:column_7:why"(p_row "ms"."members") | 1778958a959f shape=5b1a7f6f
function authz_gen."ms.members:delete:items"(p_row "ms"."members") | 0ed5ded7e63a shape=51f95224 atomic
function authz_gen."ms.members:delete:why"(p_row "ms"."members") | b4599fd65a52 shape=601b457b
function authz_gen."ms.members:insert:items"(p_row "ms"."members") | 4ed8b3ec017f shape=bea71ec9 atomic
function authz_gen."ms.members:insert:refuse"(p_row "ms"."members") | 4b0728c435ce shape=2a26cffe
function authz_gen."ms.members:insert:why"(p_row "ms"."members") | a29078d660f1 shape=1d7fdf5c
function authz_gen."ms.members:rules:explain"(p_command text, p_id text, p_row jsonb) | b580b86c46df shape=34d5cc1a
function authz_gen."ms.members:update:items"(p_row "ms"."members") | 72e4b10b2ec7 shape=d2385a7f atomic
function authz_gen."ms.members:update:refuse"(p_row "ms"."members") | 12a55572a234 shape=5886cce8
function authz_gen."ms.members:update:why"(p_row "ms"."members") | d2d2df90edab shape=e1b3d6d4
function authz_gen."ms.messages:column_10:items"(p_row "ms"."messages") | 9004991ffaf8 shape=cd2f40fd atomic
function authz_gen."ms.messages:column_10:why"(p_row "ms"."messages") | b6664f15b2c3 shape=61069bc1
function authz_gen."ms.messages:column_11:items"(p_row "ms"."messages") | cddccf627047 shape=64fef138 atomic
function authz_gen."ms.messages:column_11:why"(p_row "ms"."messages") | 431679291fad shape=1b2971e5
function authz_gen."ms.messages:column_8:items"(p_row "ms"."messages") | a2f4bf19e7f1 shape=f54f0e2a atomic
function authz_gen."ms.messages:column_8:why"(p_row "ms"."messages") | 5a458fcc0119 shape=855e8716
function authz_gen."ms.messages:column_9:items"(p_row "ms"."messages") | d1348061359e shape=33e88937 atomic
function authz_gen."ms.messages:column_9:why"(p_row "ms"."messages") | f17d4fbc328e shape=c5b78391
function authz_gen."ms.messages:delete:items"(p_row "ms"."messages") | 0c350573b083 shape=3d6c0b86 atomic
function authz_gen."ms.messages:delete:why"(p_row "ms"."messages") | 22b7bd559b95 shape=ffb060cc
function authz_gen."ms.messages:insert:items"(p_row "ms"."messages") | 8cc3d1bc32ca shape=ae33a3e8 atomic
function authz_gen."ms.messages:insert:refuse"(p_row "ms"."messages") | bf4979062a0e shape=8f81a224
function authz_gen."ms.messages:insert:why"(p_row "ms"."messages") | 170da1fd22b3 shape=4e525104
function authz_gen."ms.messages:rules:explain"(p_command text, p_id text, p_row jsonb) | 80d0ebcdd5a7 shape=444e480e
function authz_gen."ms.messages:update:items"(p_row "ms"."messages") | 90e561ebbb71 shape=14b83689 atomic
function authz_gen."ms.messages:update:refuse"(p_row "ms"."messages") | b2fd5a36d748 shape=15c67632
function authz_gen."ms.messages:update:why"(p_row "ms"."messages") | 413019e8efc8 shape=1fbcf28a
function authz_gen."ms.users:column_1:items"(p_row "ms"."users") | 18a494b24bba shape=faf15597 atomic
function authz_gen."ms.users:column_1:why"(p_row "ms"."users") | a22c73507c05 shape=be5e87a6
function authz_gen."ms.users:rules:explain"(p_command text, p_id text, p_row jsonb) | 68b90a7eb6bd shape=8501d847
function authz_gen."ms.users:update:items"(p_row "ms"."users") | 9e5b1276118e shape=9b82b864 atomic
function authz_gen."ms.users:update:refuse"(p_row "ms"."users") | 13529d9e7aeb shape=946d9418
function authz_gen."ms.users:update:why"(p_row "ms"."users") | f3afc814779e shape=c18055b3
function authz_int."block__blocker__who"(p_id text) | fbb253de23d3 shape=325dac75
function authz_int."block__blocker__why"(p_id text, p_depth int, p_seen text[]) | 08946c559cfd shape=3c093953
function authz_int."block__col_audit_del"() | 791d8a228d8a shape=dc42dba2
function authz_int."block__col_audit_ins"() | b310de6f4c34 shape=31f0970e
function authz_int."block__col_audit_row"() | 9e41d267a050 shape=9f9549b5
function authz_int."block__col_audit_trunc"() | cd80010edeae shape=6773b6c4
function authz_int."block__col_audit_upd"() | 8532b9157255 shape=6d99e827
function authz_int."bot__col_audit_del"() | f2e656560b2a shape=78d28ea1
function authz_int."bot__col_audit_ins"() | 0c1487f53da9 shape=48248c57
function authz_int."bot__col_audit_row"() | 0f889f40e96e shape=763b5713
function authz_int."bot__col_audit_trunc"() | 70bcc7b4dd51 shape=2b4c1167
function authz_int."bot__col_audit_upd"() | 6840970e1e50 shape=16ec6793
function authz_int."bot__manage__who"(p_id bigint) | 296dd82e2d38 shape=117d629c
function authz_int."bot__manage__why"(p_id bigint, p_depth int, p_seen text[]) | 4584faa1dadb shape=74e00234
function authz_int."bot__manage_keys__who"(p_id bigint) | 444223b7e417 shape=44a3ab19
function authz_int."bot__manage_keys__why"(p_id bigint, p_depth int, p_seen text[]) | ec354a1708df shape=cac2a6a9
function authz_int."bot__me"() | e2cc54962e15 shape=ac301133
function authz_int."bot__owner__who"(p_id bigint) | 2cba6291d677 shape=eb664b1e
function authz_int."bot__owner__why"(p_id bigint, p_depth int, p_seen text[]) | e25e0585e391 shape=fb48f814
function authz_int."bot__update_2"() | cb87ec91279c shape=3eda0b28
function authz_int."chat__add_members__who"(p_id bigint) | f6f402db648f shape=24c24b0f
function authz_int."chat__add_members__why"(p_id bigint, p_depth int, p_seen text[]) | 619f72fd4972 shape=a41f4105
function authz_int."chat__admin__who"(p_id bigint) | 74e533969f65 shape=d2054a1b
function authz_int."chat__admin__why"(p_id bigint, p_depth int, p_seen text[]) | 2d28d25a3b21 shape=dc75fd6d
function authz_int."chat__blocked__who"(p_id bigint) | 9d2f39c5fdd5 shape=a94bf917
function authz_int."chat__blocked__why"(p_id bigint, p_depth int, p_seen text[]) | 9df565e82745 shape=058b60da
function authz_int."chat__bot__who"(p_id bigint) | 66e9687cdf28 shape=271ed628
function authz_int."chat__bot__why"(p_id bigint, p_depth int, p_seen text[]) | fdbfc14bc620 shape=155b0601
function authz_int."chat__col_audit_del"() | e57dc3aa8487 shape=451b1208
function authz_int."chat__col_audit_ins"() | e2dede5fa7d6 shape=cf94f51c
function authz_int."chat__col_audit_row"() | 018b87753e87 shape=6e5ff9db
function authz_int."chat__col_audit_trunc"() | 4d11b4f8445f shape=31a7e41a
function authz_int."chat__col_audit_upd"() | d2c4c0e71211 shape=3b2ea579
function authz_int."chat__creator__who"(p_id bigint) | e7c429b277f2 shape=25dfcb6e
function authz_int."chat__creator__why"(p_id bigint, p_depth int, p_seen text[]) | 65fdbc9d4031 shape=1ba8912d
function authz_int."chat__forget"() | 3803006927bf shape=64274e84
function authz_int."chat__forget_id"() | 5eff55f7deb5 shape=d9b9804a
function authz_int."chat__invite__who"(p_id bigint) | 1db1a6094768 shape=cf684d13
function authz_int."chat__invite__why"(p_id bigint, p_depth int, p_seen text[]) | c92de041f781 shape=22a4986a
function authz_int."chat__invitee__who"(p_id bigint) | e8088e53bb48 shape=ff2cdcb7
function authz_int."chat__invitee__why"(p_id bigint, p_depth int, p_seen text[]) | 346a86d0a33b shape=6877ffb1
function authz_int."chat__join__who"(p_id bigint) | 3c43fe59053f shape=29deaa25
function authz_int."chat__join__why"(p_id bigint, p_depth int, p_seen text[]) | ce89e5376327 shape=5b60e28d
function authz_int."chat__manage__who"(p_id bigint) | 30456fe3e6c7 shape=6c75cc93
function authz_int."chat__manage__why"(p_id bigint, p_depth int, p_seen text[]) | 7369b3d42434 shape=166e1057
function authz_int."chat__member__who"(p_id bigint) | a1cab2680029 shape=4b80ec22
function authz_int."chat__member__why"(p_id bigint, p_depth int, p_seen text[]) | a1b889c56164 shape=90779abc
function authz_int."chat__owner__who"(p_id bigint) | 2b5a3c5cc1c0 shape=c697cee3
function authz_int."chat__owner__why"(p_id bigint, p_depth int, p_seen text[]) | 855dbebf0810 shape=699e36a4
function authz_int."chat__post__who"(p_id bigint) | e5038602be3e shape=a4fb8ad3
function authz_int."chat__post__why"(p_id bigint, p_depth int, p_seen text[]) | ef3a5b9617d7 shape=69cb3bf4
function authz_int."chat__read__who"(p_id bigint) | 64bd8740765c shape=9bb85c02
function authz_int."chat__read__why"(p_id bigint, p_depth int, p_seen text[]) | 752da0a0d8f3 shape=bf7300c0
function authz_int."chat__setup__who"(p_id bigint) | 8cffce05f779 shape=46c3fbeb
function authz_int."chat__setup__why"(p_id bigint, p_depth int, p_seen text[]) | 3bd1e084e062 shape=90f1e145
function authz_int."chat__update_3"() | 50305437e06a shape=6c8c4124
function authz_int."chat_bot__bot__who"(p_id text) | 337a953d2dd7 shape=c7346980
function authz_int."chat_bot__bot__why"(p_id text, p_depth int, p_seen text[]) | 49f2bfbf002b shape=90a38174
function authz_int."chat_bot__chat__why"(p_id text, p_depth int, p_seen text[]) | 8ff7f2116643 shape=6dba5e71
function authz_int."chat_bot__col_audit_del"() | e5a1788a53de shape=bf1bbcb5
function authz_int."chat_bot__col_audit_ins"() | b52a179dc06c shape=c280b451
function authz_int."chat_bot__col_audit_row"() | 335a8c8deab7 shape=0f1c682f
function authz_int."chat_bot__col_audit_trunc"() | 9734b2f03dc1 shape=1dd32709
function authz_int."chat_bot__col_audit_upd"() | 912b427210da shape=816db214
function authz_int."membership__chat__why"(p_id text, p_depth int, p_seen text[]) | c805283b21c8 shape=80515683
function authz_int."membership__col_audit_del"() | 29a0eab85d86 shape=41bc195b
function authz_int."membership__col_audit_ins"() | 9bb4bddc0afb shape=35407a17
function authz_int."membership__col_audit_row"() | 40b85f3c1173 shape=1a410f20
function authz_int."membership__col_audit_trunc"() | aab357eda562 shape=16b0496a
function authz_int."membership__col_audit_upd"() | 0ef3c873d37b shape=2aef2bec
function authz_int."membership__person__who"(p_id text) | 480b8330ad7b shape=cefc7e99
function authz_int."membership__person__why"(p_id text, p_depth int, p_seen text[]) | f4f006b060c3 shape=32e9bba6
function authz_int."membership__update_4"() | 6762e7ed1dcc shape=9dbec768
function authz_int."membership__update_5"() | beeb2cf9a23e shape=49cd550e
function authz_int."membership__update_6"() | 4321d76b074a shape=6ebe4b11
function authz_int."membership__update_7"() | 5c4733a01f4b shape=2f146a70
function authz_int."message__chat__why"(p_id text, p_depth int, p_seen text[]) | 67196c7855a4 shape=29c147d5
function authz_int."message__col_audit_del"() | d8b5e7c94c6e shape=792db019
function authz_int."message__col_audit_ins"() | 1c2677ffa67f shape=98844aed
function authz_int."message__col_audit_row"() | f4d511851132 shape=ee98d4c5
function authz_int."message__col_audit_trunc"() | 151e2eb9349a shape=d9b1e737
function authz_int."message__col_audit_upd"() | 82502c3ec59b shape=fe9f650c
function authz_int."message__edit__who"(p_id text) | e4d804bda5c4 shape=8a0ef2e0
function authz_int."message__edit__why"(p_id text, p_depth int, p_seen text[]) | 3b06bf99f941 shape=95dfde41
function authz_int."message__from_bot__who"(p_id text) | 5ba5d3bc4e76 shape=1c5e66df
function authz_int."message__from_bot__why"(p_id text, p_depth int, p_seen text[]) | 11f79576aab5 shape=fcd84d16
function authz_int."message__read__who"(p_id text) | e8e9de5f1b50 shape=b15ae63c
function authz_int."message__read__why"(p_id text, p_depth int, p_seen text[]) | 366bf0668b7e shape=2b0551a6
function authz_int."message__remove__who"(p_id text) | 91312376e2b2 shape=aee1769f
function authz_int."message__remove__why"(p_id text, p_depth int, p_seen text[]) | 684a47cb4c9d shape=ce2ce90a
function authz_int."message__sender__who"(p_id text) | f8d0c28b0171 shape=65950e85
function authz_int."message__sender__why"(p_id text, p_depth int, p_seen text[]) | 82ca9015882b shape=3ad6f9bf
function authz_int."message__update_10"() | 5f205511d678 shape=1baa5edd
function authz_int."message__update_11"() | 7244909e74fc shape=1674ec5f
function authz_int."message__update_8"() | 99f84eba601c shape=03a1c1cc
function authz_int."message__update_9"() | 5e650cf8536d shape=833649b8
function authz_int."rel_audit_1_del"() | 88ddaad6e53b shape=ca2c96f6
function authz_int."rel_audit_1_ins"() | 4afd57ae6886 shape=b10e83cf
function authz_int."rel_audit_1_trunc"() | 410bf25d2624 shape=95453c8d
function authz_int."rel_audit_1_upd"() | ee961225931c shape=ebc0a1d0
function authz_int."rel_audit_2_del"() | d2b5d47771da shape=4fcddc5e
function authz_int."rel_audit_2_ins"() | 58202816673d shape=6b6ccb7f
function authz_int."rel_audit_2_trunc"() | fd2ae9e96570 shape=b50b49ff
function authz_int."rel_audit_2_upd"() | 9d129c45194b shape=bdeab240
function authz_int."rel_audit_3_del"() | c31412d0dadf shape=c2a2a400
function authz_int."rel_audit_3_ins"() | 31cc535266db shape=db6140b7
function authz_int."rel_audit_3_trunc"() | 613869fd3ba2 shape=faac66ca
function authz_int."rel_audit_3_upd"() | a935feea5b64 shape=db6c71dd
function authz_int."rel_audit_4_del"() | 523c70884102 shape=89566234
function authz_int."rel_audit_4_ins"() | 538524cee1ca shape=7b254781
function authz_int."rel_audit_4_trunc"() | 66d290fbf7a5 shape=56f5555a
function authz_int."rel_audit_4_upd"() | 18d4c2f93571 shape=85a84650
function authz_int."user__col_audit_del"() | 550865ecbaed shape=fc64ec43
function authz_int."user__col_audit_ins"() | 51b037fe507a shape=dba70c6d
function authz_int."user__col_audit_row"() | 418d7674f34f shape=da434128
function authz_int."user__col_audit_trunc"() | ef8f1b4d081e shape=f87e3f72
function authz_int."user__col_audit_upd"() | 63c069b04d98 shape=9e749ca9
function authz_int."user__edit__who"(p_id uuid) | 0d2ec6bdd4de shape=3b55304d
function authz_int."user__edit__why"(p_id uuid, p_depth int, p_seen text[]) | 3710fedf3fbe shape=83cdfd01
function authz_int."user__has_blocked__who"(p_id uuid) | 1d3753843029 shape=c300ae92
function authz_int."user__has_blocked__why"(p_id uuid, p_depth int, p_seen text[]) | 4e11b9743010 shape=655376dc
function authz_int."user__self__who"(p_id uuid) | 288961983e2f shape=b3cc1098
function authz_int."user__self__why"(p_id uuid, p_depth int, p_seen text[]) | 86acd03fb482 shape=e8c98d94
function authz_int."user__update_1"() | ff00c18a198d shape=7e08bf9c
function authz_int.actor() | 8bcfa089bd24 shape=36514ce1
function authz_int.audit(p_action text, p_object_type text, p_object_id text, p_relation text, p_subject_type text, p_subject_id text, p_subject_relation text, p_detail jsonb) | dd7473f6f4fb shape=4b9c4b05
function authz_int.audit_is_append_only() | 9841e693342c shape=6d19848d
function authz_int.b64url(p text) | 5692fc0b5c1e shape=17f0c842
function authz_int.caller_is_admin() | 33a690b7bfd1 shape=268ddaf7
function authz_int.caller_role() | f21245c06777 shape=96997846
function authz_int.canon(p_type text, p_id text) | 585de3b897c9 shape=ab774d8a
function authz_int.changed(p_type text, p_ids text[], p_cause text) | 3c2e76af9dc3 shape=7a5b1adc
function authz_int.check_manage_keys(p_type text, p_id text) | adaad3faff2b shape=391727a0
function authz_int.check_writable() | 87ff3161cc1d shape=a16d3e7b
function authz_int.hmac_sha256(p_key bytea, p_msg bytea) | 33edf164bad5 shape=4d6b17ae
function authz_int.link_relations(p_type text, p_id text) | 9a47fb2992d0 shape=8bbe4201
function authz_int.manage_perm(p_type text, p_relation text, p_subject text) | 09bf2a459153 shape=5b4aa64c
function authz_int.may_inspect(p_type text, p_id text) | c144ba24c8dd shape=0942af2e
function authz_int.may_manage(p_type text, p_id text, p_relation text, p_subject text) | a92f01d8d85a shape=4b7f1aa2
function authz_int.on_grant() | 9be0691fe65f shape=e128dbcd
function authz_int.on_role() | 374a49793145 shape=e9d1adac
function authz_int.policy_path() | e79bf262c639 shape=79d267c2
function authz_int.role_gone() | beab44fb9bb2 shape=970d6f43
function authz_int.role_owned(p_type text, p_id text, p_owner_type text, p_owner_id text) | 50a4cd17c18e shape=4a4c60e9
function authz_int.role_owner_type(p_object_type text) | 979dfa0e93ee shape=1632cfb5
function authz_int.role_relations(p_type text, p_perm text) | a76149d22783 shape=db85f6c2
function authz_int.scope_cmd(p_table text, p_cmd text) | 3473f95d8cfd shape=935f1a39
function authz_int.scope_perm(p_type text, p_perm text) | b54d98533b98 shape=6c64efba
function authz_int.scopes_active() | 2ad7d14d2bec shape=a01d60f5
function authz_int.session_ok() | 6695051b2384 shape=5f5c1ab1
function authz_int.session_refused() | 1bba4bdf36fe shape=3950e31a
function authz_int.session_sig() | 52b1d4733768 shape=7531c149
function authz_int.share_if(p_key text, p_object_id text, p_subject_type text, p_subject_id text, p_subject_relation text) | 36fbdc8a3756 shape=f9b63b7b
function authz_int.shares_canon() | 641cdc251996 shape=ebabc566
function authz_int.sign() | 26fda3872285 shape=de0f1c18
function authz_int.subject_key(p_type text, p_id text, p_relation text) | fda03b078e77 shape=13054e65
function authz_int.visible(p_type text, p_id text) | 7378e6e0dd62 shape=e14964bd
function authz_int.writable() | dce4bbfe1638 shape=2260a03a
policy "authz_delete" ON "ms"."blocks" | cf294a65a655
policy "authz_delete" ON "ms"."bots" | eea32ed40362
policy "authz_delete" ON "ms"."chat_bots" | 4a4ecd9628b2
policy "authz_delete" ON "ms"."chats" | 05e4f8d99ef6
policy "authz_delete" ON "ms"."members" | 64d0048edfb5
policy "authz_delete" ON "ms"."messages" | cecece196f26
policy "authz_insert" ON "ms"."blocks" | 27ea8fcf803b
policy "authz_insert" ON "ms"."bots" | 2c9d7f11378d
policy "authz_insert" ON "ms"."chat_bots" | 33b13597649e
policy "authz_insert" ON "ms"."chats" | 8702fe5015a4
policy "authz_insert" ON "ms"."members" | d640ee9be4c5
policy "authz_insert" ON "ms"."messages" | 89552a8c91de
policy "authz_select" ON "ms"."blocks" | acde1e8eb6d9
policy "authz_select" ON "ms"."bots" | 3215d63ef1bb
policy "authz_select" ON "ms"."chat_bots" | 7069307027d2
policy "authz_select" ON "ms"."chats" | 0e6716f60c93
policy "authz_select" ON "ms"."members" | 5f1b32d70fff
policy "authz_select" ON "ms"."messages" | 1a52b83437f2
policy "authz_select" ON "ms"."users" | 231152c1df61
policy "authz_update" ON "ms"."bots" | a351878508a4
policy "authz_update" ON "ms"."chats" | 5517c8d0ebe7
policy "authz_update" ON "ms"."members" | c51dceaf7132
policy "authz_update" ON "ms"."messages" | 7f6f1d1ae15a
policy "authz_update" ON "ms"."users" | f35bc4361191
rls "ms"."blocks" | bc005ebf8ba4
rls "ms"."bots" | af1dcb8f6ea6
rls "ms"."chat_bots" | 4397e8536035
rls "ms"."chats" | 73f266a881e9
rls "ms"."members" | a9981c2ae94b
rls "ms"."messages" | d9a7cf4ac532
rls "ms"."users" | 79ad975def28
schema authz_gen | 2956c2066787
schema authz_int | 985712437937
step base | 65f0fce9c06c
step cascades | c97c051ebb2e
step grant_api | aef5f5da5d60
step grant_functions | be1214848315
step grant_views | 56e5c53928ed
step mask_privileges | 0f76f9d7c5d3
step share_indexes | bbf580c6305d
step sweep | 265e12d48243
step tables | e153135f9f22
table authz_gen.policy_lines | ab5b0513492a shape=dcfedc96
table authz_int.caveats | e8d713b6c2e3 shape=e8d713b6
table authz_int.locks | 1779df2cc717 shape=1779df2c
table authz_int.masked_columns | 2067eb678926 shape=2067eb67
table authz_int.perms | 96efdabcd6ad shape=1d7ef71f
table authz_int.role_grantable | aa914205cf6b shape=aa914205
table authz_int.role_subjects | 0abfdc400757 shape=0abfdc40
table authz_int.scope_items | 37f4db5fc367 shape=66a4763a
table authz_int.session_key | f99b8771bebc shape=48b1cfb2
table authz_int.shared_relations | fe0f6cf5c3d9 shape=c57707aa
table authz_int.trees | 02db6ec72102 shape=02db6ec7
table authz_int.types | 87bc8837daf3 shape=b6d5b497
trigger "authz_block_col_audit_del" ON "ms"."blocks" | 94397913ac82
trigger "authz_block_col_audit_ins" ON "ms"."blocks" | 723e99504f75
trigger "authz_block_col_audit_row" ON "ms"."blocks" | 6389edca0576
trigger "authz_block_col_audit_trunc" ON "ms"."blocks" | a7621132f66e
trigger "authz_block_col_audit_upd" ON "ms"."blocks" | c744a55003f2
trigger "authz_bot_col_audit_del" ON "ms"."bots" | a924f1b7ef5e
trigger "authz_bot_col_audit_ins" ON "ms"."bots" | 536f5303f66d
trigger "authz_bot_col_audit_row" ON "ms"."bots" | 4ad6dcbba321
trigger "authz_bot_col_audit_trunc" ON "ms"."bots" | e4bbc6e3d2da
trigger "authz_bot_col_audit_upd" ON "ms"."bots" | b4839a31da9f
trigger "authz_chat_bot_col_audit_del" ON "ms"."chat_bots" | ecbfc86da023
trigger "authz_chat_bot_col_audit_ins" ON "ms"."chat_bots" | 72c0e8f50d2f
trigger "authz_chat_bot_col_audit_row" ON "ms"."chat_bots" | 3254cb36623e
trigger "authz_chat_bot_col_audit_trunc" ON "ms"."chat_bots" | 02e6ec646aae
trigger "authz_chat_bot_col_audit_upd" ON "ms"."chat_bots" | be2955518e6c
trigger "authz_chat_col_audit_del" ON "ms"."chats" | 61e037fcb004
trigger "authz_chat_col_audit_ins" ON "ms"."chats" | 98ce9c33a04a
trigger "authz_chat_col_audit_row" ON "ms"."chats" | 9bfa77bcbeb3
trigger "authz_chat_col_audit_trunc" ON "ms"."chats" | 27810857bd22
trigger "authz_chat_col_audit_upd" ON "ms"."chats" | 7deab2a8bc8c
trigger "authz_chat_forget_del" ON "ms"."chats" | b249a7e46352
trigger "authz_chat_forget_id" ON "ms"."chats" | b06f68229c36
trigger "authz_chat_forget_trunc" ON "ms"."chats" | a2eda4a8274e
trigger "authz_membership_col_audit_del" ON "ms"."members" | 927cb5c3b3de
trigger "authz_membership_col_audit_ins" ON "ms"."members" | 5040fef1fa84
trigger "authz_membership_col_audit_row" ON "ms"."members" | e34d7eb8211d
trigger "authz_membership_col_audit_trunc" ON "ms"."members" | 8affec14fa5d
trigger "authz_membership_col_audit_upd" ON "ms"."members" | 21e048ea18a4
trigger "authz_message_col_audit_del" ON "ms"."messages" | 74baed6524f1
trigger "authz_message_col_audit_ins" ON "ms"."messages" | a70f6e075a4f
trigger "authz_message_col_audit_row" ON "ms"."messages" | 7c0e272d1a7c
trigger "authz_message_col_audit_trunc" ON "ms"."messages" | b50fd11029ec
trigger "authz_message_col_audit_upd" ON "ms"."messages" | 937bdf68335d
trigger "authz_rel_audit_1_del" ON "ms"."blocks" | 52b1087e6f2d
trigger "authz_rel_audit_1_ins" ON "ms"."blocks" | 61009a6eed67
trigger "authz_rel_audit_1_trunc" ON "ms"."blocks" | 4f0ade6cd8f8
trigger "authz_rel_audit_1_upd" ON "ms"."blocks" | 5b9f5764adf8
trigger "authz_rel_audit_2_del" ON "ms"."chat_bots" | 5b3408708b52
trigger "authz_rel_audit_2_ins" ON "ms"."chat_bots" | e1f17c16fbae
trigger "authz_rel_audit_2_trunc" ON "ms"."chat_bots" | 5414269aae51
trigger "authz_rel_audit_2_upd" ON "ms"."chat_bots" | 0036979c69cc
trigger "authz_rel_audit_3_del" ON "ms"."direct_blocks" | 39d75e9d93ae
trigger "authz_rel_audit_3_ins" ON "ms"."direct_blocks" | f469c0999bd8
trigger "authz_rel_audit_3_trunc" ON "ms"."direct_blocks" | b30f3c2b6985
trigger "authz_rel_audit_3_upd" ON "ms"."direct_blocks" | e85707a3bb84
trigger "authz_rel_audit_4_del" ON "ms"."members" | e952ef151829
trigger "authz_rel_audit_4_ins" ON "ms"."members" | 573f83ba3e7f
trigger "authz_rel_audit_4_trunc" ON "ms"."members" | 0c9aabe3ec04
trigger "authz_rel_audit_4_upd" ON "ms"."members" | c008711da8a9
trigger "authz_update_1" ON "ms"."users" | e58202d6310c
trigger "authz_update_10" ON "ms"."messages" | bfe23b891269
trigger "authz_update_11" ON "ms"."messages" | 35951a27b068
trigger "authz_update_2" ON "ms"."bots" | 1b99392a3b67
trigger "authz_update_3" ON "ms"."chats" | 40e1f146b5ee
trigger "authz_update_4" ON "ms"."members" | fa3664a3eebc
trigger "authz_update_5" ON "ms"."members" | 5ea6962ebf3f
trigger "authz_update_6" ON "ms"."members" | 04e8e0c4682a
trigger "authz_update_7" ON "ms"."members" | 940c4daae4f7
trigger "authz_update_8" ON "ms"."messages" | 7be8ee9865d0
trigger "authz_update_9" ON "ms"."messages" | 0fa7fe47882b
trigger "authz_user_col_audit_del" ON "ms"."users" | b1dcf1840f5e
trigger "authz_user_col_audit_ins" ON "ms"."users" | cd91198a9b58
trigger "authz_user_col_audit_row" ON "ms"."users" | 80e12c8c751c
trigger "authz_user_col_audit_trunc" ON "ms"."users" | 2492cae3479e
trigger "authz_user_col_audit_upd" ON "ms"."users" | 622be7f5bbc3
trigger authz_audit_append_only ON authz.audit | cf002ee7a4e4
trigger authz_audit_no_truncate ON authz.audit | 770f364384d3
trigger authz_grant_audit ON authz.shares | fd0f4207936d
trigger authz_role_audit ON authz.roles | d4799a1152c8
trigger authz_role_gone ON authz.roles | c1f1e6ba7c5c
trigger authz_role_perm_audit ON authz.role_permissions | 00c06f622ad5
trigger authz_shares_canon ON authz.shares | 93a3fd26e809
type authz_gen."block__key" | 3cf2920de89a
type authz_gen."chat_bot__key" | 7efe230a92a5
type authz_gen."membership__key" | 320616cc5d67
type authz_gen."message__key" | 1a60ae7135a6
view authz_gen."bot__manage" | 624c8ccfca06
view authz_gen."bot__manage_keys" | 5f9759b4408e
view authz_gen."bot__owner" | 9e759578423a
view authz_gen."chat__add_members" | 44e8a67243b7
view authz_gen."chat__admin" | 36dfdf68d0fd
view authz_gen."chat__blocked" | 2e89f17e4da2
view authz_gen."chat__bot" | c9e741d2d3f2
view authz_gen."chat__creator" | 21b448050360
view authz_gen."chat__invite" | 3810f14a6ca3
view authz_gen."chat__invitee" | ed1c2db20b12
view authz_gen."chat__join" | 9afdaa2b6408
view authz_gen."chat__manage" | f935d5bfbf3a
view authz_gen."chat__member" | c6fa6fddb55a
view authz_gen."chat__owner" | 9ff74b472350
view authz_gen."chat__post" | c99800f15670
view authz_gen."chat__read" | 0e0cf6bb9f0b
view authz_gen."chat__setup" | 479198eb01da
view authz_gen."message__chat__manage" | 94d6a47ff6eb
view authz_gen."message__chat__read" | c86950787904
view authz_gen."message__edit" | ba3aafce3494
view authz_gen."message__read" | 3673360872b0
view authz_gen."message__remove" | e7bb86bf39d5
view authz_gen."message__sender" | 2f50b3a2460f
view authz_gen."user__edit" | a3ecc18d16c0
view authz_gen."user__has_blocked" | 1ddfc0801427
view authz_gen."user__self" | ed8be2f1eb50
view authz_int."bot__manage" | 962874600141
view authz_int."bot__manage_keys" | 741de196bbb0
view authz_int."bot__owner" | 6e030187e305
view authz_int."chat__add_members" | 38d56eb15e06
view authz_int."chat__admin" | 22edb6bee746
view authz_int."chat__blocked" | cd0fa923f2c2
view authz_int."chat__bot" | f0979a4bc720
view authz_int."chat__creator" | 06a50c4a8387
view authz_int."chat__invite" | 242ff53db826
view authz_int."chat__invitee" | a5597103dfb4
view authz_int."chat__join" | edbc0a08bf9b
view authz_int."chat__manage" | 3bb4bca195d5
view authz_int."chat__member" | 88bb354bde76
view authz_int."chat__owner" | a1a3761aca88
view authz_int."chat__post" | dc2a25c2740e
view authz_int."chat__read" | 6f2945cd805f
view authz_int."chat__setup" | 6a0163d6ad28
view authz_int."message__chat__manage" | 1458978215a6
view authz_int."message__chat__read" | 902fa81e3fca
view authz_int."message__edit" | aff63b25562b
view authz_int."message__read" | 74a29af5c6ab
view authz_int."message__remove" | 83175501f425
view authz_int."message__sender" | f86ad9317e4e
view authz_int."user__edit" | 9b40b1c59652
view authz_int."user__has_blocked" | 29d4c3785101
view authz_int."user__self" | 13417f7f9e64
