# rowstile 0.1.0-dev: what the migrations so far have made, for the next one to start from.
# Generated by rowstile migrate; commit it with the migrations, and don't edit it.
> app role fm_app
> type user = fm.users (id uuid)
> type group = fm.groups (id uuid)
> type group: member : user = fm.group_members(group_id -> user_id)
> type group: member : group#member = fm.groups(parent_id -> id)
> type group: owner : user = owner_id
> type group: admin : user = fm.group_members(group_id -> user_id) where {is_admin}
> type group: parent : group = parent_id
> type group: can manage = owner or admin or parent.manage
> type membership = fm.group_members
> type membership: group : group = group_id
> type membership: person : user = user_id
> type membership: can manage = group.manage
> type folder = fm.folders
> type folder: parent : folder = parent_id
> type folder: owner : user = owner_id
> type folder: viewer : user, group#member, link shared by share
> type folder: editor : user, group#member shared by share
> type folder: can share = owner or (parent.share and {inherit})
> type folder: can edit = share or editor or (parent.edit and {inherit})
> type folder: can view = edit or viewer or (parent.view and {inherit})
> type folder: can break_glass = {exists (select 1 from fm.users u where u.id = authz.uid() and u.is_support)}
> type file = fm.files
> type file: folder : folder = folder_id
> type file: owner : user = owner_id
> type file: viewer : user, group#member, link shared by share
> type file: editor : user, group#member shared by share
> type file: can share = owner or folder.share
> type file: can edit = share or editor or folder.edit
> type file: can view = edit or viewer or folder.view
> type version = fm.file_versions
> type version: file : file = file_id
> type version: can view = file.view
> type version: can edit = file.edit
> rules fm.folders
> rules fm.folders: select : view
> rules fm.folders: insert : ({parent_id is null} or parent.edit) and owner
> rules fm.folders: update : edit
> rules fm.folders: update parent_id after : parent.edit or ({parent_id is null} and share)
> rules fm.folders: update id, owner_id, inherit : share
> rules fm.folders: delete : share
> rules fm.files
> rules fm.files: select : view
> rules fm.files: insert : folder.edit and owner and {fm.key_is_new(object_key)}
> rules fm.files: update : edit
> rules fm.files: update folder_id after : folder.edit
> rules fm.files: update id, owner_id : share
> rules fm.files: update object_key after : {object_key IN (SELECT v.object_key FROM fm.file_versions v WHERE v.file_id = files.id AND v.ready)}
> rules fm.files: delete : edit
> rules fm.file_versions
> rules fm.file_versions: select : view
> rules fm.file_versions: insert : file.edit and {created_by = authz.uid()}
> rules fm.file_versions: update : edit
> rules fm.file_versions: update id, file_id, object_key, created_by : nobody
> rules fm.file_versions: delete : edit
> rules fm.groups
> rules fm.groups: select : signed_in
> rules fm.groups: insert : owner and ({parent_id is null} or parent.manage)
> rules fm.groups: update : manage
> rules fm.groups: update parent_id after : {parent_id is null} or parent.manage
> rules fm.groups: update id, owner_id : manage
> rules fm.groups: delete : manage
> rules fm.group_members
> rules fm.group_members: select : signed_in
> rules fm.group_members: insert : manage
> rules fm.group_members: update : manage
> rules fm.group_members: update group_id after : manage
> rules fm.group_members: update id, user_id : nobody
> rules fm.group_members: delete : manage or person

always | ea87e68871af
function authz.act_as(p_type text, p_id text) | 460fba7e3b56 shape=0b4efcae
function authz.break_glass(p_type text, p_id bigint, p_relation text, p_reason text, p_duration interval) | ade6dbb78b04 shape=70a253d5
function authz.break_glass(p_type text, p_id text, p_relation text, p_reason text, p_duration interval) | c1a455b699be shape=77f3e79f
function authz.can(p_type text, p_id bigint, p_perm text) | 3b89f3888983 shape=a0df7b00
function authz.can(p_type text, p_id text, p_perm text) | a4a3ce39b081 shape=220bc89f
function authz.can(p_type text, p_id uuid, p_perm text) | 1acab4c19015 shape=54adceba
function authz.cancel_request(p_id bigint) | 43b157c68cd3 shape=19aa0bb3
function authz.changes_since(p_pos bigint, p_limit int) | b494cb9cea48 shape=0448ffba
function authz.check_invariants() | 39fc41835fa5 shape=a2072420
function authz.close_review(p_review bigint, p_revoke_undecided boolean) | e61871955a1a shape=8a35940c
function authz.connection_check() | bc515d11680e shape=35f6ddfc
function authz.create_api_key(p_name text, p_scopes text, p_expires_at timestamptz, p_principal_type text, p_principal_id text) | 25ceb02667e3 shape=bff4e5f3
function authz.create_link(p_type text, p_id bigint, p_relation text, p_expires_at timestamptz) | 3737b3f6cdd1 shape=f4261756
function authz.create_link(p_type text, p_id text, p_relation text, p_expires_at timestamptz) | 94706d6ae734 shape=08f941c7
function authz.create_role(p_owner_type text, p_owner_id bigint, p_object_type text, p_name text, p_permissions text[]) | 204199562663 shape=67327103
function authz.create_role(p_owner_type text, p_owner_id text, p_object_type text, p_name text, p_permissions text[]) | e3f3312c2cad shape=b74c801b
function authz.decide_request(p_id bigint, p_approve boolean, p_note text) | fffab9408221 shape=ebe1e76d
function authz.delete_role(p_role bigint) | 3b857912dc18 shape=7c823e86
function authz.explain(p_type text, p_id bigint, p_perm text, p_user text) | e9fc8335de7a shape=0a2287cd
function authz.explain(p_type text, p_id text, p_perm text, p_user text) | e71391bb42f9 shape=7d6de14b
function authz.explain(p_type text, p_id uuid, p_perm text, p_user text) | d0e05eb87342 shape=94941757
function authz.explain_rule(p_table text, p_command text, p_id text, p_row jsonb) | c9dcf1a04e9f shape=1223ad2f
function authz.lint() | 6756e938ae18 shape=54cb1505
function authz.list(p_type text, p_perm text, p_after text, p_limit int) | 2d98cf289241 shape=e713a7cc
function authz.list_api_keys(p_principal_type text, p_principal_id text) | 9a3b10b6e81a shape=04dcffde
function authz.list_links(p_type text, p_id bigint) | 740da2e3c91e shape=594bc19e
function authz.list_links(p_type text, p_id text) | a2d91074fb5c shape=a74ce96d
function authz.list_links(p_type text, p_id uuid) | 444a8ce8fb74 shape=d1c0c3ba
function authz.list_shares(p_type text, p_id bigint) | ac72a4d55b8e shape=63c58ea1
function authz.list_shares(p_type text, p_id text) | 3eb4ea871fe0 shape=36731fe1
function authz.list_shares(p_type text, p_id uuid) | 055e7a19cadd shape=a6d6a900
function authz.login_jwt(p_token text) | 800d43cbf9a7 shape=57d5745b
function authz.login_key(p_token text) | 2db0ca9543a5 shape=f3077520
function authz.pending_requests() | e95da3d168f5 shape=872485a8
function authz.perms(p_type text, p_id bigint) | 0326a9267ef0 shape=15912e3e
function authz.perms(p_type text, p_id text) | f58ec04222f2 shape=cd5e1942
function authz.perms(p_type text, p_id uuid) | d1321d04a077 shape=9fa2c71e
function authz.perms_of(p_type text, p_ids text[]) | 6cb4d6d6f68e shape=00a7b763
function authz.principal() | 8e6aac9f36ba shape=bda73c60
function authz.request_access(p_type text, p_id bigint, p_relation text, p_reason text, p_duration interval) | aa594c43b7aa shape=c44eec2e
function authz.request_access(p_type text, p_id text, p_relation text, p_reason text, p_duration interval) | 2e67afca6a6e shape=ab39b58e
function authz.review_decide(p_review bigint, p_item int, p_keep boolean) | 91f4a26d44c5 shape=76724fb2
function authz.review_items(p_review bigint) | f29f85026c05 shape=fc0e6cb7
function authz.revoke_api_key(p_id bigint) | 41b6ea6ad58c shape=590521c4
function authz.revoke_link(p_type text, p_id bigint, p_link text) | 69333105fbd4 shape=4ce00ed3
function authz.revoke_link(p_type text, p_id text, p_link text) | 7488c637bb10 shape=6418747f
function authz.revoke_link(p_type text, p_id uuid, p_link text) | 94e8249bbae8 shape=446fa386
function authz.roles_of(p_owner_type text, p_owner_id bigint) | 118e4ddbfcfa shape=77be0f38
function authz.roles_of(p_owner_type text, p_owner_id text) | 63ff9b9457bd shape=e439cd41
function authz.set_role_permissions(p_role bigint, p_permissions text[]) | 8a936f1cfbbb shape=3cffc528
function authz.share(p_type text, p_id bigint, p_relation text, p_subject_type text, p_subject_id bigint, p_subject_relation text, p_expires_at timestamptz, p_starts_at timestamptz, p_caveat text, p_caveat_args jsonb) | 432b631cd9d6 shape=38174c64
function authz.share(p_type text, p_id bigint, p_relation text, p_subject_type text, p_subject_id text, p_subject_relation text, p_expires_at timestamptz, p_starts_at timestamptz, p_caveat text, p_caveat_args jsonb) | 9aa2633d3679 shape=9eda2a73
function authz.share(p_type text, p_id text, p_relation text, p_subject_type text, p_subject_id text, p_subject_relation text, p_expires_at timestamptz, p_starts_at timestamptz, p_caveat text, p_caveat_args jsonb) | 0633214ef5e5 shape=386e2b78
function authz.start_review(p_type text, p_id bigint, p_closes_at timestamptz) | ede0d805b2b1 shape=c2dba351
function authz.start_review(p_type text, p_id text, p_closes_at timestamptz) | 102af3ff6add shape=879e84e5
function authz.sync_members(p_type text, p_id text, p_relation text, p_members text[], OUT added int, OUT removed int) | 1fa9be20fea9 shape=c0ea90e1
function authz.trim_audit(p_keep interval) | 9df54618f382 shape=59da80c2
function authz.trim_changes(p_keep interval) | 99129c6c680e shape=5f059d1e
function authz.uid() | 2d5c9a51d711 shape=e4787fc1
function authz.unshare(p_type text, p_id bigint, p_relation text, p_subject_type text, p_subject_id bigint, p_subject_relation text) | 9fe75a510714 shape=55f81bb0
function authz.unshare(p_type text, p_id bigint, p_relation text, p_subject_type text, p_subject_id text, p_subject_relation text) | 72397e26cf97 shape=0bec2b1b
function authz.unshare(p_type text, p_id text, p_relation text, p_subject_type text, p_subject_id text, p_subject_relation text) | 7b1add04a56d shape=d4ebe9cc
function authz.verify() | 69c68919c12b shape=8e0f53a6
function authz.view_as(p_user text, p_reason text) | f153c2292395 shape=5d7b6326
function authz.who(p_type text, p_id bigint, p_perm text) | 2e6bf67dc8a8 shape=9a149138
function authz.who(p_type text, p_id text, p_perm text) | 9d4926293ab0 shape=1cf83af9
function authz.who(p_type text, p_id uuid, p_perm text) | 68091c833309 shape=721cfa7a
function authz.who_among(p_type text, p_id bigint, p_perm text, p_users text[], p_principal_type text) | c12c43bbe47f shape=9f8e2d53
function authz.who_among(p_type text, p_id text, p_perm text, p_users text[], p_principal_type text) | 01aaf32fb926 shape=17b9de43
function authz.who_among(p_type text, p_id uuid, p_perm text, p_users text[], p_principal_type text) | 30cd12790511 shape=a10912c4
function authz_gen."file__check_6fce862cc9"(p_row "fm"."files") | aeb0109b7377 shape=b42d76ca
function authz_gen."file__check_d17485e962"(p_row "fm"."files") | 6c7d6c2c2b4d shape=c6817e87
function authz_gen."fm.file_versions:column_6:holds"(p_row "fm"."file_versions") | cfa73ac06c69 shape=d72885c4 atomic
function authz_gen."fm.file_versions:column_6:items"(p_row "fm"."file_versions") | bcb09a83622d shape=815c8d2f atomic
function authz_gen."fm.file_versions:column_6:why"(p_row "fm"."file_versions") | d86d3da2f624 shape=e293d68f
function authz_gen."fm.file_versions:delete:items"(p_row "fm"."file_versions") | c8023e3f216f shape=70fa3072 atomic
function authz_gen."fm.file_versions:delete:why"(p_row "fm"."file_versions") | 3ef63f225e64 shape=6c730c4e
function authz_gen."fm.file_versions:insert:items"(p_row "fm"."file_versions") | b1f457693068 shape=4ae99a9a atomic
function authz_gen."fm.file_versions:insert:refuse"(p_row "fm"."file_versions") | 2099580061f3 shape=39cabfa2
function authz_gen."fm.file_versions:insert:why"(p_row "fm"."file_versions") | fdc16fef2146 shape=f05b5830
function authz_gen."fm.file_versions:rules:explain"(p_command text, p_id text, p_row jsonb) | c95841a30af4 shape=7205ae53
function authz_gen."fm.file_versions:update:items"(p_row "fm"."file_versions") | 1933e164604f shape=b1f123ad atomic
function authz_gen."fm.file_versions:update:refuse"(p_row "fm"."file_versions") | 1df127035082 shape=e1fce984
function authz_gen."fm.file_versions:update:why"(p_row "fm"."file_versions") | 8155a960196b shape=f3317b0a
function authz_gen."fm.files:column_3:holds"(p_row "fm"."files") | 717a6cc93f4a shape=726fcc1b atomic
function authz_gen."fm.files:column_3:items"(p_row "fm"."files") | 041b49362f4c shape=2a34741e atomic
function authz_gen."fm.files:column_3:why"(p_row "fm"."files") | d2bea4d6095d shape=05d272bd
function authz_gen."fm.files:column_4:holds"(p_row "fm"."files") | e70ae7691694 shape=ada478bd atomic
function authz_gen."fm.files:column_4:items"(p_row "fm"."files") | ead4848ebc47 shape=f0c54bfd atomic
function authz_gen."fm.files:column_4:why"(p_row "fm"."files") | fd8ac5642e87 shape=a6b027fc
function authz_gen."fm.files:column_5:holds"(p_row "fm"."files") | a2d97fc86a01 shape=579adf92 atomic
function authz_gen."fm.files:column_5:items"(p_row "fm"."files") | ecb834d345d8 shape=2393c340 atomic
function authz_gen."fm.files:column_5:why"(p_row "fm"."files") | 9438d1cc52fd shape=d08c0599
function authz_gen."fm.files:delete:items"(p_row "fm"."files") | 026e20987a6b shape=e97bfd15 atomic
function authz_gen."fm.files:delete:why"(p_row "fm"."files") | 2d9075976733 shape=06a4feec
function authz_gen."fm.files:insert:items"(p_row "fm"."files") | cbe89ef181aa shape=badfc43b atomic
function authz_gen."fm.files:insert:refuse"(p_row "fm"."files") | 6f187e35b581 shape=20816c3f
function authz_gen."fm.files:insert:why"(p_row "fm"."files") | 9e1838895d93 shape=b1ec1c97
function authz_gen."fm.files:rules:explain"(p_command text, p_id text, p_row jsonb) | 29b9d9927cfd shape=ac539b29
function authz_gen."fm.files:update:items"(p_row "fm"."files") | 416a560c195f shape=fc18c0c0 atomic
function authz_gen."fm.files:update:refuse"(p_row "fm"."files") | 20be708466b7 shape=7ce06328
function authz_gen."fm.files:update:why"(p_row "fm"."files") | d798f2db4154 shape=d150b51f
function authz_gen."fm.folders:column_1:holds"(p_row "fm"."folders") | 8b2e9087b1ca shape=d3d99e11 atomic
function authz_gen."fm.folders:column_1:items"(p_row "fm"."folders") | c3d257777756 shape=1bf1d3ff atomic
function authz_gen."fm.folders:column_1:why"(p_row "fm"."folders") | cc825e8fd766 shape=e8b7ba4a
function authz_gen."fm.folders:column_2:holds"(p_row "fm"."folders") | 5c6bf320200f shape=3e537840 atomic
function authz_gen."fm.folders:column_2:items"(p_row "fm"."folders") | f79a8082e084 shape=90b920b8 atomic
function authz_gen."fm.folders:column_2:why"(p_row "fm"."folders") | e193fd3c64f3 shape=8aa4539d
function authz_gen."fm.folders:delete:items"(p_row "fm"."folders") | 14f39a583d8c shape=b1f979fa atomic
function authz_gen."fm.folders:delete:why"(p_row "fm"."folders") | f8b8b0c5d8c8 shape=35369b4c
function authz_gen."fm.folders:insert:items"(p_row "fm"."folders") | 38358e84ef44 shape=25266051 atomic
function authz_gen."fm.folders:insert:refuse"(p_row "fm"."folders") | 9387acff96a3 shape=5ba0c313
function authz_gen."fm.folders:insert:why"(p_row "fm"."folders") | bdbffbcc1ccf shape=da0ee468
function authz_gen."fm.folders:rules:explain"(p_command text, p_id text, p_row jsonb) | b348ebc42860 shape=9e4e719a
function authz_gen."fm.folders:update:items"(p_row "fm"."folders") | 5d30243c9e61 shape=ba92eb73 atomic
function authz_gen."fm.folders:update:refuse"(p_row "fm"."folders") | e2710239e13b shape=876b6db9
function authz_gen."fm.folders:update:why"(p_row "fm"."folders") | 5a7c324781d6 shape=7645b138
function authz_gen."fm.group_members:column_10:holds"(p_row "fm"."group_members") | 8ce67fb0a6e9 shape=344cd624 atomic
function authz_gen."fm.group_members:column_10:items"(p_row "fm"."group_members") | deafc85d966b shape=27a6daa4 atomic
function authz_gen."fm.group_members:column_10:why"(p_row "fm"."group_members") | 9fc7db887cc9 shape=00e90cbd
function authz_gen."fm.group_members:column_9:holds"(p_row "fm"."group_members") | 7ab7fe4cef9a shape=0b72e4c5 atomic
function authz_gen."fm.group_members:column_9:items"(p_row "fm"."group_members") | ee380752fc86 shape=2cd60aca atomic
function authz_gen."fm.group_members:column_9:why"(p_row "fm"."group_members") | 01fc08d16502 shape=b2b214d1
function authz_gen."fm.group_members:delete:items"(p_row "fm"."group_members") | 7cbe8bfc27ec shape=47ceb78c atomic
function authz_gen."fm.group_members:delete:why"(p_row "fm"."group_members") | 9eb0a8e2506a shape=77154fe4
function authz_gen."fm.group_members:insert:items"(p_row "fm"."group_members") | f0b24b72fc2c shape=dbb68101 atomic
function authz_gen."fm.group_members:insert:refuse"(p_row "fm"."group_members") | 5ccfede1f6d6 shape=936c7b52
function authz_gen."fm.group_members:insert:why"(p_row "fm"."group_members") | 590e305b2f31 shape=016522ae
function authz_gen."fm.group_members:rules:explain"(p_command text, p_id text, p_row jsonb) | 92c2002bd8d1 shape=7e04ba6f
function authz_gen."fm.group_members:update:items"(p_row "fm"."group_members") | f3dfdf01aebc shape=0c051c77 atomic
function authz_gen."fm.group_members:update:refuse"(p_row "fm"."group_members") | 23bfa1a48d4d shape=524e1e7b
function authz_gen."fm.group_members:update:why"(p_row "fm"."group_members") | 386dd6bd66cc shape=e06b23c0
function authz_gen."fm.groups:column_7:holds"(p_row "fm"."groups") | 5d03ddb3905e shape=3aa1a073 atomic
function authz_gen."fm.groups:column_7:items"(p_row "fm"."groups") | 15fdea13a3e3 shape=00ae631a atomic
function authz_gen."fm.groups:column_7:why"(p_row "fm"."groups") | e2221d0c03be shape=6263d49f
function authz_gen."fm.groups:column_8:holds"(p_row "fm"."groups") | 21afe2427d24 shape=34babe59 atomic
function authz_gen."fm.groups:column_8:items"(p_row "fm"."groups") | 1f9da1b609f8 shape=416d7113 atomic
function authz_gen."fm.groups:column_8:why"(p_row "fm"."groups") | b12a3680df00 shape=238d8ab5
function authz_gen."fm.groups:delete:items"(p_row "fm"."groups") | 0a17e029c1f9 shape=51c52d69 atomic
function authz_gen."fm.groups:delete:why"(p_row "fm"."groups") | 41bcbbcb2592 shape=b5d3e32b
function authz_gen."fm.groups:insert:items"(p_row "fm"."groups") | 0cf0a5e6558c shape=7ddacd1c atomic
function authz_gen."fm.groups:insert:refuse"(p_row "fm"."groups") | 92d32d1a9a45 shape=b1175f4a
function authz_gen."fm.groups:insert:why"(p_row "fm"."groups") | 43d99c439ae8 shape=bb696bfb
function authz_gen."fm.groups:rules:explain"(p_command text, p_id text, p_row jsonb) | 7552618ff877 shape=071b3fa7
function authz_gen."fm.groups:update:items"(p_row "fm"."groups") | 6d1fca0a1d7f shape=0315b540 atomic
function authz_gen."fm.groups:update:refuse"(p_row "fm"."groups") | 80842205e261 shape=66215a0f
function authz_gen."fm.groups:update:why"(p_row "fm"."groups") | 962691a64402 shape=233d34e0
function authz_gen."folder__edit__has"(p_id bigint) | 3b0af8e28f4e shape=5b0a9aa6
function authz_gen."folder__share__has"(p_id bigint) | fd2a3b567b54 shape=953d5e32
function authz_gen."folder__view__has"(p_id bigint) | daa2ead20917 shape=c6cb5a3b
function authz_gen."group__manage__has"(p_id uuid) | a6bb36e5cbc9 shape=68f1fe35
function authz_gen."group__member__ids"() | b0aa1d09e1c0 shape=56896891
function authz_int."file__col_audit_del"() | 30f3d2e99762 shape=8d996d33
function authz_int."file__col_audit_ins"() | 3c2c3afa7e35 shape=068f3854
function authz_int."file__col_audit_row"() | bc9ebe58329d shape=13285f58
function authz_int."file__col_audit_trunc"() | 6b6bd8de0c5f shape=84edbe2e
function authz_int."file__col_audit_upd"() | e48ab7b76e16 shape=2a90ca10
function authz_int."file__edit__who"(p_id bigint) | ab7634e54da7 shape=27c4f9fc
function authz_int."file__edit__why"(p_id bigint, p_depth int, p_seen text[]) | c2a6c7daa2de shape=52985d42
function authz_int."file__editor__who"(p_id bigint) | d0a9ca3358a3 shape=5c213770
function authz_int."file__editor__why"(p_id bigint, p_depth int, p_seen text[]) | bfb5c03faaaa shape=a57c4e98
function authz_int."file__folder__why"(p_id bigint, p_depth int, p_seen text[]) | 32591519bb1c shape=9eb16be3
function authz_int."file__forget"() | 42ab64fdc697 shape=1d4919e2
function authz_int."file__forget_id"() | b906b9eaf66d shape=e82c8006
function authz_int."file__owner__who"(p_id bigint) | 72eef8c0bf6f shape=c1c62a4d
function authz_int."file__owner__why"(p_id bigint, p_depth int, p_seen text[]) | a3567c80ebaf shape=1915a759
function authz_int."file__share__who"(p_id bigint) | 23d24511b897 shape=0ee9494e
function authz_int."file__share__why"(p_id bigint, p_depth int, p_seen text[]) | 196ea493d5e1 shape=8d088071
function authz_int."file__update_3"() | ab3dfbf8ced3 shape=44a0a6c1
function authz_int."file__update_4"() | a7bc63e5a07b shape=f7f5e487
function authz_int."file__update_5"() | 97ef0a493990 shape=4240e71a
function authz_int."file__view__who"(p_id bigint) | 93ef392154d9 shape=ebd121de
function authz_int."file__view__why"(p_id bigint, p_depth int, p_seen text[]) | daa0f9118f83 shape=1f1c2c7c
function authz_int."file__viewer__who"(p_id bigint) | c26441bee107 shape=6ccbbf01
function authz_int."file__viewer__why"(p_id bigint, p_depth int, p_seen text[]) | 505627649ae3 shape=7e2c0207
function authz_int."folder__break_glass__who"(p_id bigint) | 38694b839908 shape=2d7db93e
function authz_int."folder__break_glass__why"(p_id bigint, p_depth int, p_seen text[]) | 5c30463a33f8 shape=52509d40
function authz_int."folder__col_audit_del"() | b9a8e2b4863d shape=09f230d2
function authz_int."folder__col_audit_ins"() | 3d40925a4a8c shape=ccf8c653
function authz_int."folder__col_audit_row"() | 041b6c2ef9fd shape=08554970
function authz_int."folder__col_audit_trunc"() | 67018f2df92f shape=54802037
function authz_int."folder__col_audit_upd"() | 43722dedbdfe shape=89500885
function authz_int."folder__edit__start"() | 355e0defb064 shape=43cb2f64
function authz_int."folder__edit__who"(p_id bigint) | 1cab217e72ba shape=63eeed89
function authz_int."folder__edit__who_base"(p_id bigint) | 2cc160849518 shape=f89513f6
function authz_int."folder__edit__why"(p_id bigint, p_depth int, p_seen text[]) | cb24dd47d514 shape=fe33c4a6
function authz_int."folder__editor__who"(p_id bigint) | 7267615c9540 shape=f09b9604
function authz_int."folder__editor__why"(p_id bigint, p_depth int, p_seen text[]) | 230ed91f24d7 shape=dc452e28
function authz_int."folder__forget"() | bd4cf309f151 shape=9f2a83b9
function authz_int."folder__forget_id"() | 4e3c1685ee4f shape=b6b853a6
function authz_int."folder__owner__who"(p_id bigint) | 06c122aafdac shape=db855273
function authz_int."folder__owner__why"(p_id bigint, p_depth int, p_seen text[]) | ea5f268d0608 shape=93e67383
function authz_int."folder__parent__tree_check_loops"(p_ids bigint[]) | 754f537953e9 shape=a9007a33 tree=folder__parent__tree
function authz_int."folder__parent__tree_compute"(p_ids bigint[]) | d7281e8ea2b4 shape=1b436a45 tree=folder__parent__tree
function authz_int."folder__parent__tree_on_rows"() | 6893f8576bcc shape=51fa243d tree=folder__parent__tree
function authz_int."folder__parent__tree_on_truncate"() | 0f865e70e08f shape=0a5b3c22 tree=folder__parent__tree
function authz_int."folder__parent__tree_rebuild"() | a0dcfb650564 shape=506d5965 tree=folder__parent__tree
function authz_int."folder__parent__tree_refresh"(p_ids bigint[], p_shift boolean) | 76e164888d36 shape=9864e978 tree=folder__parent__tree
function authz_int."folder__parent__tree_shift"(p_ids bigint[], p_below bigint[]) | a05db6756b92 shape=297a635d tree=folder__parent__tree
function authz_int."folder__parent__tree_verify"() | 303a2059f955 shape=25e0fa0b tree=folder__parent__tree
function authz_int."folder__parent__why"(p_id bigint, p_depth int, p_seen text[]) | bf0b76eb720b shape=78ea37a9
function authz_int."folder__share__start"() | 0febe4f28dbc shape=ac653713
function authz_int."folder__share__who"(p_id bigint) | d2c1abc86224 shape=3439a10b
function authz_int."folder__share__who_base"(p_id bigint) | 6aa40124e440 shape=d39852ea
function authz_int."folder__share__why"(p_id bigint, p_depth int, p_seen text[]) | 32b74224f051 shape=309b34a0
function authz_int."folder__update_1"() | ee214a370974 shape=18012700
function authz_int."folder__update_2"() | cad689f7b016 shape=85164508
function authz_int."folder__view__start"() | c4845211ee40 shape=d4da0a43
function authz_int."folder__view__who"(p_id bigint) | 2619920ae5c3 shape=37bc4ec0
function authz_int."folder__view__who_base"(p_id bigint) | 9cb743fcddbf shape=2ff65527
function authz_int."folder__view__why"(p_id bigint, p_depth int, p_seen text[]) | 3f6e644a09cc shape=533e51ee
function authz_int."folder__viewer__who"(p_id bigint) | 5fb039681f47 shape=11515a05
function authz_int."folder__viewer__why"(p_id bigint, p_depth int, p_seen text[]) | 38d15241c041 shape=caa061ff
function authz_int."group__admin__who"(p_id uuid) | 8d6241af7f25 shape=8c871b35
function authz_int."group__admin__why"(p_id uuid, p_depth int, p_seen text[]) | 1989964201db shape=781c2b70
function authz_int."group__col_audit_del"() | 91aabad9c43c shape=a8a65b1a
function authz_int."group__col_audit_ins"() | c1f3ba3c8bbd shape=f8f3c1fd
function authz_int."group__col_audit_row"() | b9d00c003ad1 shape=16636837
function authz_int."group__col_audit_trunc"() | 73257eca8cf7 shape=61aec545
function authz_int."group__col_audit_upd"() | f5e3afbd9b4a shape=51fbef2e
function authz_int."group__forget"() | cdd9af50b5f0 shape=caafd6db
function authz_int."group__forget_id"() | 1a5efd748e23 shape=1b4af2c6
function authz_int."group__manage__start"() | 6cc8e8341045 shape=fcd0aead
function authz_int."group__manage__who"(p_id uuid) | caa09119a199 shape=79fa5610
function authz_int."group__manage__who_base"(p_id uuid) | f6d02a0b58ec shape=59f8dafe
function authz_int."group__manage__why"(p_id uuid, p_depth int, p_seen text[]) | 37336f15cb68 shape=7e0fad3d
function authz_int."group__member__who"(p_id uuid) | 1e3903781308 shape=9d1165ae
function authz_int."group__member__why"(p_id uuid, p_depth int, p_seen text[]) | b9e4574d8107 shape=2da10c63
function authz_int."group__owner__who"(p_id uuid) | 293b016acbf4 shape=3d30647f
function authz_int."group__owner__why"(p_id uuid, p_depth int, p_seen text[]) | cedf22b0b847 shape=c84e1ead
function authz_int."group__parent__tree_check_loops"(p_ids uuid[]) | d51605720d38 shape=fec85363 tree=group__parent__tree
function authz_int."group__parent__tree_compute"(p_ids uuid[]) | d786c88d92bf shape=6c7cd0d5 tree=group__parent__tree
function authz_int."group__parent__tree_on_rows"() | c901a031f7d3 shape=b6d1bd3a tree=group__parent__tree
function authz_int."group__parent__tree_on_truncate"() | fd469b1c4d78 shape=182aac12 tree=group__parent__tree
function authz_int."group__parent__tree_rebuild"() | d413f53f8261 shape=5ce164bb tree=group__parent__tree
function authz_int."group__parent__tree_refresh"(p_ids uuid[], p_shift boolean) | bddc7901c52c shape=dee1181f tree=group__parent__tree
function authz_int."group__parent__tree_shift"(p_ids uuid[], p_below uuid[]) | 27e09f8772e5 shape=c8088955 tree=group__parent__tree
function authz_int."group__parent__tree_verify"() | e3c23a281a82 shape=d98700d2 tree=group__parent__tree
function authz_int."group__parent__why"(p_id uuid, p_depth int, p_seen text[]) | 4ee38e10c2df shape=8ed11fb7
function authz_int."group__update_7"() | 94d8477be926 shape=1cdfb7f9
function authz_int."group__update_8"() | 31acb4d3c504 shape=52ac36bf
function authz_int."membership__col_audit_del"() | 1271b517e4f2 shape=41bc195b
function authz_int."membership__col_audit_ins"() | aee8511ffe47 shape=35407a17
function authz_int."membership__col_audit_row"() | aa1db03c00dc shape=1a410f20
function authz_int."membership__col_audit_trunc"() | b122db11e85f shape=16b0496a
function authz_int."membership__col_audit_upd"() | c758e9b0977e shape=2aef2bec
function authz_int."membership__group__why"(p_id bigint, p_depth int, p_seen text[]) | 6a27dc01f8c9 shape=d506081c
function authz_int."membership__manage__who"(p_id bigint) | 51e395d94848 shape=e7f1ebb5
function authz_int."membership__manage__why"(p_id bigint, p_depth int, p_seen text[]) | 07ca0669d999 shape=0485eb69
function authz_int."membership__person__who"(p_id bigint) | d3185320f5fc shape=e64b68fa
function authz_int."membership__person__why"(p_id bigint, p_depth int, p_seen text[]) | ff7950c33d55 shape=78a37c70
function authz_int."membership__update_10"() | 303804c5ff86 shape=96f617a0
function authz_int."membership__update_9"() | bceb46caad3b shape=3e0ad32e
function authz_int."rel_audit_1_del"() | 7ff22509b594 shape=ca2c96f6
function authz_int."rel_audit_1_ins"() | 340774b198a1 shape=b10e83cf
function authz_int."rel_audit_1_trunc"() | 68b780df8549 shape=95453c8d
function authz_int."rel_audit_1_upd"() | 3c950e130559 shape=ebc0a1d0
function authz_int."rel_audit_2_del"() | f00728fc5103 shape=4fcddc5e
function authz_int."rel_audit_2_ins"() | 5754f15720e4 shape=6b6ccb7f
function authz_int."rel_audit_2_trunc"() | c45d950b5c66 shape=b50b49ff
function authz_int."rel_audit_2_upd"() | 1f814d269f4c shape=bdeab240
function authz_int."user__forget"() | e8dca5ccbdb8 shape=4753fdb6
function authz_int."user__forget_id"() | 22b466287ca9 shape=d0d8b00d
function authz_int."version__col_audit_del"() | f0a28f12e2b5 shape=23066411
function authz_int."version__col_audit_ins"() | 5468898aa74a shape=5a3c9906
function authz_int."version__col_audit_row"() | 5a1b18641370 shape=4d979c70
function authz_int."version__col_audit_trunc"() | 4dbd60319c97 shape=b26acdd0
function authz_int."version__col_audit_upd"() | 8cfc731b153e shape=f0413007
function authz_int."version__edit__who"(p_id bigint) | 583238f5e680 shape=303786dc
function authz_int."version__edit__why"(p_id bigint, p_depth int, p_seen text[]) | ccd2bfb907dd shape=8672c1fa
function authz_int."version__file__why"(p_id bigint, p_depth int, p_seen text[]) | fe74c772da88 shape=1d534d04
function authz_int."version__update_6"() | fc6b1be3d997 shape=7c15415b
function authz_int."version__view__who"(p_id bigint) | 58090dd828c7 shape=6f38b4bb
function authz_int."version__view__why"(p_id bigint, p_depth int, p_seen text[]) | 56474923139d shape=3248bace
function authz_int.actor() | 8bcfa089bd24 shape=36514ce1
function authz_int.audit(p_action text, p_object_type text, p_object_id text, p_relation text, p_subject_type text, p_subject_id text, p_subject_relation text, p_detail jsonb) | dd7473f6f4fb shape=4b9c4b05
function authz_int.audit_is_append_only() | 8c5ce299a394 shape=6d19848d
function authz_int.b64url(p text) | 5692fc0b5c1e shape=17f0c842
function authz_int.caller_is_admin() | 33a690b7bfd1 shape=268ddaf7
function authz_int.caller_role() | f21245c06777 shape=96997846
function authz_int.canon(p_type text, p_id text) | 2a3ac59562a6 shape=ab774d8a
function authz_int.changed(p_type text, p_ids text[], p_cause text) | 3c2e76af9dc3 shape=7a5b1adc
function authz_int.check_manage_keys(p_type text, p_id text) | adaad3faff2b shape=391727a0
function authz_int.check_writable() | 87ff3161cc1d shape=a16d3e7b
function authz_int.child_triggers() | 95dc35a0698e shape=52e92456
function authz_int.hmac_sha256(p_key bytea, p_msg bytea) | 33edf164bad5 shape=4d6b17ae
function authz_int.link_relations(p_type text, p_id text) | 9a47fb2992d0 shape=8bbe4201
function authz_int.manage_perm(p_type text, p_relation text, p_subject text) | 09bf2a459153 shape=5b4aa64c
function authz_int.may_inspect(p_type text, p_id text) | c144ba24c8dd shape=0942af2e
function authz_int.may_manage(p_type text, p_id text, p_relation text, p_subject text) | a92f01d8d85a shape=4b7f1aa2
function authz_int.on_grant() | 9be0691fe65f shape=e128dbcd
function authz_int.on_role() | 374a49793145 shape=e9d1adac
function authz_int.policy_path() | e79bf262c639 shape=79d267c2
function authz_int.role_gone() | beab44fb9bb2 shape=970d6f43
function authz_int.role_owned(p_type text, p_id text, p_owner_type text, p_owner_id text) | 50a4cd17c18e shape=4a4c60e9
function authz_int.role_owner_type(p_object_type text) | 979dfa0e93ee shape=1632cfb5
function authz_int.role_relations(p_type text, p_perm text) | a76149d22783 shape=db85f6c2
function authz_int.scope_cmd(p_table text, p_cmd text) | 3473f95d8cfd shape=935f1a39
function authz_int.scope_perm(p_type text, p_perm text) | b54d98533b98 shape=6c64efba
function authz_int.scopes_active() | 2ad7d14d2bec shape=a01d60f5
function authz_int.session_ok() | 6695051b2384 shape=5f5c1ab1
function authz_int.session_refused() | 1bba4bdf36fe shape=3950e31a
function authz_int.session_sig() | 52b1d4733768 shape=7531c149
function authz_int.share_if(p_key text, p_object_id text, p_subject_type text, p_subject_id text, p_subject_relation text) | 36fbdc8a3756 shape=f9b63b7b
function authz_int.shares_canon() | 641cdc251996 shape=ebabc566
function authz_int.sign() | 26fda3872285 shape=de0f1c18
function authz_int.subject_key(p_type text, p_id text, p_relation text) | fda03b078e77 shape=13054e65
function authz_int.visible(p_type text, p_id text) | a2f58ee951ba shape=e14964bd
function authz_int.writable() | dce4bbfe1638 shape=2260a03a
policy "authz_delete" ON "fm"."file_versions" | ff0b5bbafc9f
policy "authz_delete" ON "fm"."files" | 4afe023e9eac
policy "authz_delete" ON "fm"."folders" | 4bd655e9c940
policy "authz_delete" ON "fm"."group_members" | c633e27f5375
policy "authz_delete" ON "fm"."groups" | 0eee7ad97c44
policy "authz_insert" ON "fm"."file_versions" | b9162de04195
policy "authz_insert" ON "fm"."files" | 4404c54dbcca
policy "authz_insert" ON "fm"."folders" | 7e15a2f1de00
policy "authz_insert" ON "fm"."group_members" | 7bfcfa1b7527
policy "authz_insert" ON "fm"."groups" | 203522cc47ab
policy "authz_select" ON "fm"."file_versions" | f947132d692d
policy "authz_select" ON "fm"."files" | 2d1caceb7f4b
policy "authz_select" ON "fm"."folders" | b0d1b3649207
policy "authz_select" ON "fm"."group_members" | 6135bb9f0035
policy "authz_select" ON "fm"."groups" | c3f59331aa86
policy "authz_update" ON "fm"."file_versions" | 74657e626261
policy "authz_update" ON "fm"."files" | 6b6a5665e4b2
policy "authz_update" ON "fm"."folders" | 2f1d28cf58cc
policy "authz_update" ON "fm"."group_members" | 18adf25f3bb0
policy "authz_update" ON "fm"."groups" | e8742d6cf5d1
rls "fm"."file_versions" | fff5af26c945
rls "fm"."files" | 1223f29d9096
rls "fm"."folders" | 59812d027bdf
rls "fm"."group_members" | 66b0ddcfe314
rls "fm"."groups" | 406eec0a030a
schema authz_gen | 2956c2066787
schema authz_int | 985712437937
step base | 65f0fce9c06c
step cascades | f5a2f66fb7bc
step grant_api | 05b4ca474c81
step grant_functions | 0bdcd3141a7e
step grant_views | f4794998fcf8
step mask_privileges | 0f76f9d7c5d3
step share_indexes | 7e58d4b05066
step sweep | 6902267b5946
step tables | 18cd4343afd0
table authz_gen.policy_lines | b376721cc044 shape=dcfedc96
table authz_int."folder__parent__tree" | ed1e6e6e5460 shape=a79ecf82 tree=folder__parent__tree
table authz_int."group__parent__tree" | 730afd9fb786 shape=6d14ac6d tree=group__parent__tree
table authz_int.caveats | e8d713b6c2e3 shape=e8d713b6
table authz_int.locks | 447d595fea98 shape=1779df2c
table authz_int.masked_columns | 2067eb678926 shape=2067eb67
table authz_int.perms | 9a3968f9786d shape=1d7ef71f
table authz_int.role_grantable | aa914205cf6b shape=aa914205
table authz_int.role_subjects | 0abfdc400757 shape=0abfdc40
table authz_int.scope_items | 37f4db5fc367 shape=66a4763a
table authz_int.session_key | f99b8771bebc shape=48b1cfb2
table authz_int.shared_relations | 3cb4c312e1d3 shape=c57707aa
table authz_int.trees | 59be77f23acd shape=02db6ec7
table authz_int.types | 393e14ce70e0 shape=b6d5b497
tree folder__parent__tree | 8e07c42d47425898e0c888c9702ee596
tree group__parent__tree | 7234bd29660f6bacdc6d6986adddd20e
trigger "authz_file_col_audit_del" ON "fm"."files" | dadfa6377624
trigger "authz_file_col_audit_ins" ON "fm"."files" | a5f3298a0bd5
trigger "authz_file_col_audit_row" ON "fm"."files" | e2989202f739
trigger "authz_file_col_audit_trunc" ON "fm"."files" | e9dab651fe36
trigger "authz_file_col_audit_upd" ON "fm"."files" | 8669aa40322a
trigger "authz_file_forget_del" ON "fm"."files" | 3fbb970b2838
trigger "authz_file_forget_id" ON "fm"."files" | 47797204c4ed
trigger "authz_file_forget_moved" ON "fm"."files" | f734159b3bf5
trigger "authz_file_forget_trunc" ON "fm"."files" | 108362b10743
trigger "authz_folder__parent__tree_del" ON "fm"."folders" | e6ec45549570 tree=folder__parent__tree
trigger "authz_folder__parent__tree_ins" ON "fm"."folders" | 2136abc27a2c tree=folder__parent__tree
trigger "authz_folder__parent__tree_trunc" ON "fm"."folders" | 74d0c907fbe0 tree=folder__parent__tree
trigger "authz_folder__parent__tree_upd" ON "fm"."folders" | ed66a49cc4d6 tree=folder__parent__tree
trigger "authz_folder_col_audit_del" ON "fm"."folders" | c6d8cce55e4d
trigger "authz_folder_col_audit_ins" ON "fm"."folders" | ca001d4297f7
trigger "authz_folder_col_audit_row" ON "fm"."folders" | e2d91b819566
trigger "authz_folder_col_audit_trunc" ON "fm"."folders" | 4fe48bdc89a2
trigger "authz_folder_col_audit_upd" ON "fm"."folders" | 8a62d802cf86
trigger "authz_folder_forget_del" ON "fm"."folders" | d134a030087f
trigger "authz_folder_forget_id" ON "fm"."folders" | 8b109ee95a5d
trigger "authz_folder_forget_moved" ON "fm"."folders" | a1e2e522ab12
trigger "authz_folder_forget_trunc" ON "fm"."folders" | b866ff00e03f
trigger "authz_group__parent__tree_del" ON "fm"."groups" | 1de86a5a2acb tree=group__parent__tree
trigger "authz_group__parent__tree_ins" ON "fm"."groups" | 7bceb3e70b69 tree=group__parent__tree
trigger "authz_group__parent__tree_trunc" ON "fm"."groups" | 4df92d1b1ca9 tree=group__parent__tree
trigger "authz_group__parent__tree_upd" ON "fm"."groups" | 7764dc256dee tree=group__parent__tree
trigger "authz_group_col_audit_del" ON "fm"."groups" | 6f3a942772e0
trigger "authz_group_col_audit_ins" ON "fm"."groups" | baf23ac14c09
trigger "authz_group_col_audit_row" ON "fm"."groups" | 1001f74c9b21
trigger "authz_group_col_audit_trunc" ON "fm"."groups" | b07613550d9c
trigger "authz_group_col_audit_upd" ON "fm"."groups" | 46c7c61a8fde
trigger "authz_group_forget_del" ON "fm"."groups" | 10ff5e9275c0
trigger "authz_group_forget_id" ON "fm"."groups" | 8c36d48ef7cb
trigger "authz_group_forget_moved" ON "fm"."groups" | f9412e294bfe
trigger "authz_group_forget_trunc" ON "fm"."groups" | 177daf26e401
trigger "authz_membership_col_audit_del" ON "fm"."group_members" | 74eefda0f388
trigger "authz_membership_col_audit_ins" ON "fm"."group_members" | c4fe1e9508b8
trigger "authz_membership_col_audit_row" ON "fm"."group_members" | cdeea00bfea3
trigger "authz_membership_col_audit_trunc" ON "fm"."group_members" | a956a80de4b1
trigger "authz_membership_col_audit_upd" ON "fm"."group_members" | 76d739657529
trigger "authz_rel_audit_1_del" ON "fm"."group_members" | 8605a730ef98
trigger "authz_rel_audit_1_ins" ON "fm"."group_members" | e173dfb0a1c4
trigger "authz_rel_audit_1_trunc" ON "fm"."group_members" | 31cf531be323
trigger "authz_rel_audit_1_upd" ON "fm"."group_members" | 3872de71bc2c
trigger "authz_rel_audit_2_del" ON "fm"."groups" | e7f47a1a353c
trigger "authz_rel_audit_2_ins" ON "fm"."groups" | 35676425241b
trigger "authz_rel_audit_2_trunc" ON "fm"."groups" | 16ee8f4b70d0
trigger "authz_rel_audit_2_upd" ON "fm"."groups" | e165a274d521
trigger "authz_update_1" ON "fm"."folders" | 8a4594653840
trigger "authz_update_10" ON "fm"."group_members" | 6ef52f5d87d3
trigger "authz_update_2" ON "fm"."folders" | 1b2614278baa
trigger "authz_update_3" ON "fm"."files" | c36ba393a325
trigger "authz_update_4" ON "fm"."files" | 251805bdd7d8
trigger "authz_update_5" ON "fm"."files" | 0b69304da82a
trigger "authz_update_6" ON "fm"."file_versions" | 98666c0c8f41
trigger "authz_update_7" ON "fm"."groups" | cfc7cf7922ca
trigger "authz_update_8" ON "fm"."groups" | 931846cd4efa
trigger "authz_update_9" ON "fm"."group_members" | 5436879eb5a4
trigger "authz_user_forget_del" ON "fm"."users" | 19e58b0c744d
trigger "authz_user_forget_id" ON "fm"."users" | c9a5492fbe73
trigger "authz_user_forget_moved" ON "fm"."users" | 54b77d5d468f
trigger "authz_user_forget_trunc" ON "fm"."users" | de2cf807b381
trigger "authz_version_col_audit_del" ON "fm"."file_versions" | 6215cf0bd0b3
trigger "authz_version_col_audit_ins" ON "fm"."file_versions" | 6d9c7e02620e
trigger "authz_version_col_audit_row" ON "fm"."file_versions" | 9f5d568835ae
trigger "authz_version_col_audit_trunc" ON "fm"."file_versions" | ae7423fa1e8e
trigger "authz_version_col_audit_upd" ON "fm"."file_versions" | 4678964f692e
trigger authz_audit_append_only ON authz.audit | b7dda6de8867
trigger authz_audit_no_truncate ON authz.audit | fa619d666219
trigger authz_grant_audit ON authz.shares | fd0f4207936d
trigger authz_role_audit ON authz.roles | d4799a1152c8
trigger authz_role_gone ON authz.roles | c1f1e6ba7c5c
trigger authz_role_perm_audit ON authz.role_permissions | 00c06f622ad5
trigger authz_shares_canon ON authz.shares | 93a3fd26e809
view authz_gen."file__edit" | 5435b3d101f6
view authz_gen."file__editor" | 0f82e883e19b
view authz_gen."file__folder__edit" | 529c0ec1b13b
view authz_gen."file__folder__share" | 5a265a916c64
view authz_gen."file__folder__view" | d050e47e37ed
view authz_gen."file__owner" | 44de61d175cd
view authz_gen."file__share" | ecb407beaf73
view authz_gen."file__view" | bd7388f39069
view authz_gen."file__viewer" | 1fe7191ee4bf
view authz_gen."folder__break_glass" | 5e28905ef6f4
view authz_gen."folder__edit" | cf563f203344
view authz_gen."folder__editor" | 22527591923a
view authz_gen."folder__owner" | 66f373af0147
view authz_gen."folder__parent__edit" | 31ae7b0f6b7c
view authz_gen."folder__parent__share" | 3786cb76cced
view authz_gen."folder__parent__view" | 8a97c26c62d5
view authz_gen."folder__share" | f5a76f456ffa
view authz_gen."folder__share__direct" | 3bf5ab85f3eb
view authz_gen."folder__view" | 7d6d83329ad0
view authz_gen."folder__viewer" | 8030ceb0530d
view authz_gen."group__admin" | 114d2d1181e9
view authz_gen."group__manage" | 29dc26ed44b4
view authz_gen."group__manage__direct" | 81f737023f5a
view authz_gen."group__member" | 48844cc5e493
view authz_gen."group__owner" | e8078e485a0f
view authz_gen."group__parent__manage" | 397044579677
view authz_gen."membership__group__manage" | 5f0e432ecfef
view authz_gen."membership__manage" | b0d9bd957348
view authz_gen."version__edit" | f222dbbba6ff
view authz_gen."version__file__edit" | 8885099f1290
view authz_gen."version__file__view" | 009fe0dff52e
view authz_gen."version__view" | db226cea6554
view authz_int."file__edit" | 994cbaada15d
view authz_int."file__editor" | 951979f6d539
view authz_int."file__folder__edit" | 9e5565180980
view authz_int."file__folder__share" | f540ead78baa
view authz_int."file__folder__view" | 3258ab089d07
view authz_int."file__owner" | 8c4b3be590ef
view authz_int."file__share" | b115197b8db4
view authz_int."file__view" | 57b566bba746
view authz_int."file__viewer" | 7883e7569617
view authz_int."folder__break_glass" | a852f0a4dcd0
view authz_int."folder__edit" | 1d29d1584bbd
view authz_int."folder__editor" | c2402687b083
view authz_int."folder__owner" | eb7e97407881
view authz_int."folder__parent__edit" | 036d0852b547
view authz_int."folder__parent__share" | 85891d0d666f
view authz_int."folder__parent__tree_conds" | c135057e8878 tree=folder__parent__tree
view authz_int."folder__parent__tree_links" | 38ba1185eeaa tree=folder__parent__tree
view authz_int."folder__parent__tree_parents" | 590bbd145caa tree=folder__parent__tree
view authz_int."folder__parent__view" | e0f9048d546a
view authz_int."folder__share" | 5086d9dd015d
view authz_int."folder__share__direct" | a12545daa896
view authz_int."folder__view" | 9d758c9732ad
view authz_int."folder__viewer" | 0b3a23e87177
view authz_int."group__admin" | 3a2a1c495fcd
view authz_int."group__manage" | d1ae2118d001
view authz_int."group__manage__direct" | 7688a5ed333f
view authz_int."group__member" | 07bfd9aed6fd
view authz_int."group__owner" | c55f98e733f3
view authz_int."group__parent__manage" | ca6fee39ad5c
view authz_int."group__parent__tree_links" | 6c1767c82d31 tree=group__parent__tree
view authz_int."group__parent__tree_parents" | a0eb399eef00 tree=group__parent__tree
view authz_int."membership__group__manage" | 4a23883beb5e
view authz_int."membership__manage" | 99bd6bedc203
view authz_int."version__edit" | 8d3fc1906e87
view authz_int."version__file__edit" | 77650a252b2f
view authz_int."version__file__view" | d8e9fe561cd8
view authz_int."version__view" | 55bb25e60e77
